// !$*UTF8*$!
{
	archiveVersion = 1;
	classes = {
	};
	objectVersion = 48;
	objects = {

/* Begin PBXBuildFile section */
		7C330BE9061BDF466A531E9A /* libPods-BaseFrameDemo.a in Frameworks */ = {isa = PBXBuildFile; fileRef = 7E2192CBFEFA0931C700DEF4 /* libPods-BaseFrameDemo.a */; };
		BF4849C31FE0CDBE00B83036 /* AppDelegate.m in Sources */ = {isa = PBXBuildFile; fileRef = BF4849C21FE0CDBE00B83036 /* AppDelegate.m */; };
		BF4849C61FE0CDBE00B83036 /* ViewController.m in Sources */ = {isa = PBXBuildFile; fileRef = BF4849C51FE0CDBE00B83036 /* ViewController.m */; };
		BF4849C91FE0CDBE00B83036 /* Main.storyboard in Resources */ = {isa = PBXBuildFile; fileRef = BF4849C71FE0CDBE00B83036 /* Main.storyboard */; };
		BF4849CC1FE0CDBE00B83036 /* BaseFrameDemo.xcdatamodeld in Sources */ = {isa = PBXBuildFile; fileRef = BF4849CA1FE0CDBE00B83036 /* BaseFrameDemo.xcdatamodeld */; };
		BF4849CE1FE0CDBE00B83036 /* Assets.xcassets in Resources */ = {isa = PBXBuildFile; fileRef = BF4849CD1FE0CDBE00B83036 /* Assets.xcassets */; };
		BF4849D11FE0CDBE00B83036 /* LaunchScreen.storyboard in Resources */ = {isa = PBXBuildFile; fileRef = BF4849CF1FE0CDBE00B83036 /* LaunchScreen.storyboard */; };
		BF4849D41FE0CDBE00B83036 /* main.m in Sources */ = {isa = PBXBuildFile; fileRef = BF4849D31FE0CDBE00B83036 /* main.m */; };
		BF4849DE1FE0CDBE00B83036 /* BaseFrameDemoTests.m in Sources */ = {isa = PBXBuildFile; fileRef = BF4849DD1FE0CDBE00B83036 /* BaseFrameDemoTests.m */; };
		BF4849E91FE0CDBE00B83036 /* BaseFrameDemoUITests.m in Sources */ = {isa = PBXBuildFile; fileRef = BF4849E81FE0CDBE00B83036 /* BaseFrameDemoUITests.m */; };
		BF62A1A41FE103A30010C046 /* BFStepper.m in Sources */ = {isa = PBXBuildFile; fileRef = BF62A1A21FE103A30010C046 /* BFStepper.m */; };
		BF62A1A71FE104A60010C046 /* BFTabViewControlle.m in Sources */ = {isa = PBXBuildFile; fileRef = BF62A1A51FE104A60010C046 /* BFTabViewControlle.m */; };
		BF62A1AA1FE1050E0010C046 /* BFMainViewController.m in Sources */ = {isa = PBXBuildFile; fileRef = BF62A1A91FE1050E0010C046 /* BFMainViewController.m */; };
		BF62A1C41FE107180010C046 /* BFObject.m in Sources */ = {isa = PBXBuildFile; fileRef = BF62A1AD1FE107180010C046 /* BFObject.m */; };
		BF62A1C51FE107180010C046 /* BFVersion.m in Sources */ = {isa = PBXBuildFile; fileRef = BF62A1AF1FE107180010C046 /* BFVersion.m */; };
		BF62A1C61FE107180010C046 /* BFCollectionViewCell.m in Sources */ = {isa = PBXBuildFile; fileRef = BF62A1B21FE107180010C046 /* BFCollectionViewCell.m */; };
		BF62A1C71FE107180010C046 /* BFTableViewCell.m in Sources */ = {isa = PBXBuildFile; fileRef = BF62A1B41FE107180010C046 /* BFTableViewCell.m */; };
		BF62A1C81FE107180010C046 /* BFViewController.m in Sources */ = {isa = PBXBuildFile; fileRef = BF62A1B71FE107180010C046 /* BFViewController.m */; };
		BF62A1C91FE107180010C046 /* BFCollectionView.m in Sources */ = {isa = PBXBuildFile; fileRef = BF62A1BA1FE107180010C046 /* BFCollectionView.m */; };
		BF62A1CA1FE107180010C046 /* BFRefreshCollectionView.m in Sources */ = {isa = PBXBuildFile; fileRef = BF62A1BC1FE107180010C046 /* BFRefreshCollectionView.m */; };
		BF62A1CB1FE107180010C046 /* BFRefreshTableView.m in Sources */ = {isa = PBXBuildFile; fileRef = BF62A1BE1FE107180010C046 /* BFRefreshTableView.m */; };
		BF62A1CC1FE107180010C046 /* BFTableView.m in Sources */ = {isa = PBXBuildFile; fileRef = BF62A1C11FE107180010C046 /* BFTableView.m */; };
		BF62A1CD1FE107180010C046 /* BFView.m in Sources */ = {isa = PBXBuildFile; fileRef = BF62A1C31FE107180010C046 /* BFView.m */; };
		BF62A1DC1FE10F510010C046 /* BFTextField.m in Sources */ = {isa = PBXBuildFile; fileRef = BF62A1DB1FE10F510010C046 /* BFTextField.m */; };
		BF62A1E71FE1103E0010C046 /* BFImageTextFieldCell.m in Sources */ = {isa = PBXBuildFile; fileRef = BF62A1DF1FE1103E0010C046 /* BFImageTextFieldCell.m */; };
		BF62A1E81FE1103E0010C046 /* BFTitleCell.m in Sources */ = {isa = PBXBuildFile; fileRef = BF62A1E11FE1103E0010C046 /* BFTitleCell.m */; };
		BF62A1ED1FE112030010C046 /* BFTitleValueCell.m in Sources */ = {isa = PBXBuildFile; fileRef = BF62A1EC1FE112030010C046 /* BFTitleValueCell.m */; };
		BF62A1F01FE114150010C046 /* BFTitleTextFieldCell.m in Sources */ = {isa = PBXBuildFile; fileRef = BF62A1EE1FE114150010C046 /* BFTitleTextFieldCell.m */; };
		BF62A1F31FE115020010C046 /* BFTableViewDelegate.m in Sources */ = {isa = PBXBuildFile; fileRef = BF62A1F21FE115020010C046 /* BFTableViewDelegate.m */; };
		BF62A1F61FE119EC0010C046 /* BFTempletViewController.m in Sources */ = {isa = PBXBuildFile; fileRef = BF62A1F51FE119EC0010C046 /* BFTempletViewController.m */; };
		BF62A1FB1FE11AAA0010C046 /* BFAppDelegate.m in Sources */ = {isa = PBXBuildFile; fileRef = BF62A1FA1FE11AAA0010C046 /* BFAppDelegate.m */; };
		BF62A2011FE23ACF0010C046 /* BFTempletViewController+RunTime.m in Sources */ = {isa = PBXBuildFile; fileRef = BF62A2001FE23ACF0010C046 /* BFTempletViewController+RunTime.m */; };
		BF62A2241FE270DB0010C046 /* BFLocalSettings.m in Sources */ = {isa = PBXBuildFile; fileRef = BF62A20B1FE270DB0010C046 /* BFLocalSettings.m */; };
		BF62A2251FE270DB0010C046 /* BFLocation.m in Sources */ = {isa = PBXBuildFile; fileRef = BF62A20D1FE270DB0010C046 /* BFLocation.m */; };
		BF62A2261FE270DB0010C046 /* BFLocationManager.m in Sources */ = {isa = PBXBuildFile; fileRef = BF62A20F1FE270DB0010C046 /* BFLocationManager.m */; };
		BF62A2281FE270DB0010C046 /* DSAAS.m in Sources */ = {isa = PBXBuildFile; fileRef = BF62A2121FE270DB0010C046 /* DSAAS.m */; };
		BF62A2291FE270DB0010C046 /* GlobalUICommon.m in Sources */ = {isa = PBXBuildFile; fileRef = BF62A2141FE270DB0010C046 /* GlobalUICommon.m */; };
		BF62A22A1FE270DB0010C046 /* NSArray+Utilities.m in Sources */ = {isa = PBXBuildFile; fileRef = BF62A2161FE270DB0010C046 /* NSArray+Utilities.m */; };
		BF62A22B1FE270DB0010C046 /* NSData+Utilities.m in Sources */ = {isa = PBXBuildFile; fileRef = BF62A2181FE270DB0010C046 /* NSData+Utilities.m */; };
		BF62A22C1FE270DB0010C046 /* NSDate+Utilties.m in Sources */ = {isa = PBXBuildFile; fileRef = BF62A21A1FE270DB0010C046 /* NSDate+Utilties.m */; };
		BF62A22D1FE270DB0010C046 /* NSMutableDictionary+Utilities.m in Sources */ = {isa = PBXBuildFile; fileRef = BF62A21C1FE270DB0010C046 /* NSMutableDictionary+Utilities.m */; };
		BF62A22E1FE270DB0010C046 /* NSString+Utilities.m in Sources */ = {isa = PBXBuildFile; fileRef = BF62A21E1FE270DB0010C046 /* NSString+Utilities.m */; };
		BF62A22F1FE270DB0010C046 /* TWDeviceUtilities.m in Sources */ = {isa = PBXBuildFile; fileRef = BF62A2201FE270DB0010C046 /* TWDeviceUtilities.m */; };
		BF62A2301FE270DB0010C046 /* UIFactory.m in Sources */ = {isa = PBXBuildFile; fileRef = BF62A2221FE270DB0010C046 /* UIFactory.m */; };
		BF87BE6F1FE0D45200146486 /* BFMatchResult.m in Sources */ = {isa = PBXBuildFile; fileRef = BF87BE641FE0D45200146486 /* BFMatchResult.m */; };
		BF87BE701FE0D45200146486 /* BFRegularExpression.m in Sources */ = {isa = PBXBuildFile; fileRef = BF87BE661FE0D45200146486 /* BFRegularExpression.m */; };
		BF87BE711FE0D45200146486 /* BFRouteHandler.m in Sources */ = {isa = PBXBuildFile; fileRef = BF87BE681FE0D45200146486 /* BFRouteHandler.m */; };
		BF87BE721FE0D45200146486 /* BFRouteMatcher.m in Sources */ = {isa = PBXBuildFile; fileRef = BF87BE6A1FE0D45200146486 /* BFRouteMatcher.m */; };
		BF87BE731FE0D45200146486 /* BFRouter.m in Sources */ = {isa = PBXBuildFile; fileRef = BF87BE6C1FE0D45200146486 /* BFRouter.m */; };
		BF87BE741FE0D45200146486 /* BFRouteRequest.m in Sources */ = {isa = PBXBuildFile; fileRef = BF87BE6E1FE0D45200146486 /* BFRouteRequest.m */; };
		BF87BE951FE0D49200146486 /* MKMapView+ZoomLevel.m in Sources */ = {isa = PBXBuildFile; fileRef = BF87BE781FE0D49100146486 /* MKMapView+ZoomLevel.m */; };
		BF87BE961FE0D49200146486 /* UIBarButtonItem+Badge.m in Sources */ = {isa = PBXBuildFile; fileRef = BF87BE7A1FE0D49100146486 /* UIBarButtonItem+Badge.m */; };
		BF87BE971FE0D49200146486 /* UIButton+Badge.m in Sources */ = {isa = PBXBuildFile; fileRef = BF87BE7C1FE0D49100146486 /* UIButton+Badge.m */; };
		BF87BE981FE0D49200146486 /* UIImage+Alpha.m in Sources */ = {isa = PBXBuildFile; fileRef = BF87BE7E1FE0D49100146486 /* UIImage+Alpha.m */; };
		BF87BE9A1FE0D49200146486 /* UIImage+ImageEffects.m in Sources */ = {isa = PBXBuildFile; fileRef = BF87BE821FE0D49100146486 /* UIImage+ImageEffects.m */; };
		BF87BE9B1FE0D49200146486 /* UIImage+LFGif.m in Sources */ = {isa = PBXBuildFile; fileRef = BF87BE841FE0D49100146486 /* UIImage+LFGif.m */; };
		BF87BE9C1FE0D49200146486 /* UIImage+Resize.m in Sources */ = {isa = PBXBuildFile; fileRef = BF87BE861FE0D49100146486 /* UIImage+Resize.m */; };
		BF87BE9D1FE0D49200146486 /* UIImage+RoundedCorner.m in Sources */ = {isa = PBXBuildFile; fileRef = BF87BE881FE0D49100146486 /* UIImage+RoundedCorner.m */; };
		BF87BE9E1FE0D49200146486 /* UIImage+TintColor.m in Sources */ = {isa = PBXBuildFile; fileRef = BF87BE8A1FE0D49100146486 /* UIImage+TintColor.m */; };
		BF87BE9F1FE0D49200146486 /* UILabel+Attributes.m in Sources */ = {isa = PBXBuildFile; fileRef = BF87BE8C1FE0D49100146486 /* UILabel+Attributes.m */; };
		BF87BEA01FE0D49200146486 /* UINavigationController+CompletionHandler.m in Sources */ = {isa = PBXBuildFile; fileRef = BF87BE8E1FE0D49100146486 /* UINavigationController+CompletionHandler.m */; };
		BF87BEA11FE0D49200146486 /* UINavigationItem+iOS7Spacing.m in Sources */ = {isa = PBXBuildFile; fileRef = BF87BE901FE0D49100146486 /* UINavigationItem+iOS7Spacing.m */; };
		BF87BEA21FE0D49200146486 /* UITabBar+Badge.m in Sources */ = {isa = PBXBuildFile; fileRef = BF87BE921FE0D49100146486 /* UITabBar+Badge.m */; };
		BF87BEA31FE0D49200146486 /* UIView+ConvenienceFrame.m in Sources */ = {isa = PBXBuildFile; fileRef = BF87BE941FE0D49100146486 /* UIView+ConvenienceFrame.m */; };
		BF87BED31FE0D8D300146486 /* UIImage+Device.m in Sources */ = {isa = PBXBuildFile; fileRef = BF87BED21FE0D8D200146486 /* UIImage+Device.m */; };
		BF87BF041FE0F74C00146486 /* BFResponse.m in Sources */ = {isa = PBXBuildFile; fileRef = BF87BEFB1FE0F74B00146486 /* BFResponse.m */; };
		BF87BF051FE0F74C00146486 /* BFNetworkReachabilityManager.m in Sources */ = {isa = PBXBuildFile; fileRef = BF87BF001FE0F74C00146486 /* BFNetworkReachabilityManager.m */; };
		BF87BF061FE0F74C00146486 /* BFNetworkManager.m in Sources */ = {isa = PBXBuildFile; fileRef = BF87BF011FE0F74C00146486 /* BFNetworkManager.m */; };
		BF87BF071FE0F74C00146486 /* BFRequest.m in Sources */ = {isa = PBXBuildFile; fileRef = BF87BF021FE0F74C00146486 /* BFRequest.m */; };
		BF87BF2D1FE0FEED00146486 /* BFSwitchView.m in Sources */ = {isa = PBXBuildFile; fileRef = BF87BF2B1FE0FEED00146486 /* BFSwitchView.m */; };
		BF87BF301FE0FF1900146486 /* BFTagView.m in Sources */ = {isa = PBXBuildFile; fileRef = BF87BF2F1FE0FF1900146486 /* BFTagView.m */; };
/* End PBXBuildFile section */

/* Begin PBXContainerItemProxy section */
		BF4849DA1FE0CDBE00B83036 /* PBXContainerItemProxy */ = {
			isa = PBXContainerItemProxy;
			containerPortal = BF4849B61FE0CDBE00B83036 /* Project object */;
			proxyType = 1;
			remoteGlobalIDString = BF4849BD1FE0CDBE00B83036;
			remoteInfo = BaseFrameDemo;
		};
		BF4849E51FE0CDBE00B83036 /* PBXContainerItemProxy */ = {
			isa = PBXContainerItemProxy;
			containerPortal = BF4849B61FE0CDBE00B83036 /* Project object */;
			proxyType = 1;
			remoteGlobalIDString = BF4849BD1FE0CDBE00B83036;
			remoteInfo = BaseFrameDemo;
		};
/* End PBXContainerItemProxy section */

/* Begin PBXFileReference section */
		7E2192CBFEFA0931C700DEF4 /* libPods-BaseFrameDemo.a */ = {isa = PBXFileReference; explicitFileType = archive.ar; includeInIndex = 0; path = "libPods-BaseFrameDemo.a"; sourceTree = BUILT_PRODUCTS_DIR; };
		91BEB8CA1CF1A6EC50113F05 /* Pods-BaseFrameDemo.debug.xcconfig */ = {isa = PBXFileReference; includeInIndex = 1; lastKnownFileType = text.xcconfig; name = "Pods-BaseFrameDemo.debug.xcconfig"; path = "Pods/Target Support Files/Pods-BaseFrameDemo/Pods-BaseFrameDemo.debug.xcconfig"; sourceTree = "<group>"; };
		B5C23857A9D36E9B84B78ECF /* Pods-BaseFrameDemo.release.xcconfig */ = {isa = PBXFileReference; includeInIndex = 1; lastKnownFileType = text.xcconfig; name = "Pods-BaseFrameDemo.release.xcconfig"; path = "Pods/Target Support Files/Pods-BaseFrameDemo/Pods-BaseFrameDemo.release.xcconfig"; sourceTree = "<group>"; };
		BF4849BE1FE0CDBE00B83036 /* BaseFrameDemo.app */ = {isa = PBXFileReference; explicitFileType = wrapper.application; includeInIndex = 0; path = BaseFrameDemo.app; sourceTree = BUILT_PRODUCTS_DIR; };
		BF4849C11FE0CDBE00B83036 /* AppDelegate.h */ = {isa = PBXFileReference; lastKnownFileType = sourcecode.c.h; path = AppDelegate.h; sourceTree = "<group>"; };
		BF4849C21FE0CDBE00B83036 /* AppDelegate.m */ = {isa = PBXFileReference; lastKnownFileType = sourcecode.c.objc; path = AppDelegate.m; sourceTree = "<group>"; };
		BF4849C41FE0CDBE00B83036 /* ViewController.h */ = {isa = PBXFileReference; lastKnownFileType = sourcecode.c.h; path = ViewController.h; sourceTree = "<group>"; };
		BF4849C51FE0CDBE00B83036 /* ViewController.m */ = {isa = PBXFileReference; lastKnownFileType = sourcecode.c.objc; path = ViewController.m; sourceTree = "<group>"; };
		BF4849C81FE0CDBE00B83036 /* Base */ = {isa = PBXFileReference; lastKnownFileType = file.storyboard; name = Base; path = Base.lproj/Main.storyboard; sourceTree = "<group>"; };
		BF4849CB1FE0CDBE00B83036 /* BaseFrameDemo.xcdatamodel */ = {isa = PBXFileReference; lastKnownFileType = wrapper.xcdatamodel; path = BaseFrameDemo.xcdatamodel; sourceTree = "<group>"; };
		BF4849CD1FE0CDBE00B83036 /* Assets.xcassets */ = {isa = PBXFileReference; lastKnownFileType = folder.assetcatalog; path = Assets.xcassets; sourceTree = "<group>"; };
		BF4849D01FE0CDBE00B83036 /* Base */ = {isa = PBXFileReference; lastKnownFileType = file.storyboard; name = Base; path = Base.lproj/LaunchScreen.storyboard; sourceTree = "<group>"; };
		BF4849D21FE0CDBE00B83036 /* Info.plist */ = {isa = PBXFileReference; lastKnownFileType = text.plist.xml; path = Info.plist; sourceTree = "<group>"; };
		BF4849D31FE0CDBE00B83036 /* main.m */ = {isa = PBXFileReference; lastKnownFileType = sourcecode.c.objc; path = main.m; sourceTree = "<group>"; };
		BF4849D91FE0CDBE00B83036 /* BaseFrameDemoTests.xctest */ = {isa = PBXFileReference; explicitFileType = wrapper.cfbundle; includeInIndex = 0; path = BaseFrameDemoTests.xctest; sourceTree = BUILT_PRODUCTS_DIR; };
		BF4849DD1FE0CDBE00B83036 /* BaseFrameDemoTests.m */ = {isa = PBXFileReference; lastKnownFileType = sourcecode.c.objc; path = BaseFrameDemoTests.m; sourceTree = "<group>"; };
		BF4849DF1FE0CDBE00B83036 /* Info.plist */ = {isa = PBXFileReference; lastKnownFileType = text.plist.xml; path = Info.plist; sourceTree = "<group>"; };
		BF4849E41FE0CDBE00B83036 /* BaseFrameDemoUITests.xctest */ = {isa = PBXFileReference; explicitFileType = wrapper.cfbundle; includeInIndex = 0; path = BaseFrameDemoUITests.xctest; sourceTree = BUILT_PRODUCTS_DIR; };
		BF4849E81FE0CDBE00B83036 /* BaseFrameDemoUITests.m */ = {isa = PBXFileReference; lastKnownFileType = sourcecode.c.objc; path = BaseFrameDemoUITests.m; sourceTree = "<group>"; };
		BF4849EA1FE0CDBE00B83036 /* Info.plist */ = {isa = PBXFileReference; lastKnownFileType = text.plist.xml; path = Info.plist; sourceTree = "<group>"; };
		BF62A1A21FE103A30010C046 /* BFStepper.m */ = {isa = PBXFileReference; fileEncoding = 4; lastKnownFileType = sourcecode.c.objc; path = BFStepper.m; sourceTree = "<group>"; };
		BF62A1A31FE103A30010C046 /* BFStepper.h */ = {isa = PBXFileReference; fileEncoding = 4; lastKnownFileType = sourcecode.c.h; path = BFStepper.h; sourceTree = "<group>"; };
		BF62A1A51FE104A60010C046 /* BFTabViewControlle.m */ = {isa = PBXFileReference; fileEncoding = 4; lastKnownFileType = sourcecode.c.objc; path = BFTabViewControlle.m; sourceTree = "<group>"; };
		BF62A1A61FE104A60010C046 /* BFTabViewControlle.h */ = {isa = PBXFileReference; fileEncoding = 4; lastKnownFileType = sourcecode.c.h; path = BFTabViewControlle.h; sourceTree = "<group>"; };
		BF62A1A81FE1050E0010C046 /* BFMainViewController.h */ = {isa = PBXFileReference; lastKnownFileType = sourcecode.c.h; path = BFMainViewController.h; sourceTree = "<group>"; };
		BF62A1A91FE1050E0010C046 /* BFMainViewController.m */ = {isa = PBXFileReference; lastKnownFileType = sourcecode.c.objc; path = BFMainViewController.m; sourceTree = "<group>"; };
		BF62A1AC1FE107180010C046 /* BFObject.h */ = {isa = PBXFileReference; fileEncoding = 4; lastKnownFileType = sourcecode.c.h; path = BFObject.h; sourceTree = "<group>"; };
		BF62A1AD1FE107180010C046 /* BFObject.m */ = {isa = PBXFileReference; fileEncoding = 4; lastKnownFileType = sourcecode.c.objc; path = BFObject.m; sourceTree = "<group>"; };
		BF62A1AE1FE107180010C046 /* BFVersion.h */ = {isa = PBXFileReference; fileEncoding = 4; lastKnownFileType = sourcecode.c.h; path = BFVersion.h; sourceTree = "<group>"; };
		BF62A1AF1FE107180010C046 /* BFVersion.m */ = {isa = PBXFileReference; fileEncoding = 4; lastKnownFileType = sourcecode.c.objc; path = BFVersion.m; sourceTree = "<group>"; };
		BF62A1B11FE107180010C046 /* BFCollectionViewCell.h */ = {isa = PBXFileReference; fileEncoding = 4; lastKnownFileType = sourcecode.c.h; path = BFCollectionViewCell.h; sourceTree = "<group>"; };
		BF62A1B21FE107180010C046 /* BFCollectionViewCell.m */ = {isa = PBXFileReference; fileEncoding = 4; lastKnownFileType = sourcecode.c.objc; path = BFCollectionViewCell.m; sourceTree = "<group>"; };
		BF62A1B31FE107180010C046 /* BFTableViewCell.h */ = {isa = PBXFileReference; fileEncoding = 4; lastKnownFileType = sourcecode.c.h; path = BFTableViewCell.h; sourceTree = "<group>"; };
		BF62A1B41FE107180010C046 /* BFTableViewCell.m */ = {isa = PBXFileReference; fileEncoding = 4; lastKnownFileType = sourcecode.c.objc; path = BFTableViewCell.m; sourceTree = "<group>"; };
		BF62A1B61FE107180010C046 /* BFViewController.h */ = {isa = PBXFileReference; fileEncoding = 4; lastKnownFileType = sourcecode.c.h; path = BFViewController.h; sourceTree = "<group>"; };
		BF62A1B71FE107180010C046 /* BFViewController.m */ = {isa = PBXFileReference; fileEncoding = 4; lastKnownFileType = sourcecode.c.objc; path = BFViewController.m; sourceTree = "<group>"; };
		BF62A1B91FE107180010C046 /* BFCollectionView.h */ = {isa = PBXFileReference; fileEncoding = 4; lastKnownFileType = sourcecode.c.h; path = BFCollectionView.h; sourceTree = "<group>"; };
		BF62A1BA1FE107180010C046 /* BFCollectionView.m */ = {isa = PBXFileReference; fileEncoding = 4; lastKnownFileType = sourcecode.c.objc; path = BFCollectionView.m; sourceTree = "<group>"; };
		BF62A1BB1FE107180010C046 /* BFRefreshCollectionView.h */ = {isa = PBXFileReference; fileEncoding = 4; lastKnownFileType = sourcecode.c.h; path = BFRefreshCollectionView.h; sourceTree = "<group>"; };
		BF62A1BC1FE107180010C046 /* BFRefreshCollectionView.m */ = {isa = PBXFileReference; fileEncoding = 4; lastKnownFileType = sourcecode.c.objc; path = BFRefreshCollectionView.m; sourceTree = "<group>"; };
		BF62A1BD1FE107180010C046 /* BFRefreshTableView.h */ = {isa = PBXFileReference; fileEncoding = 4; lastKnownFileType = sourcecode.c.h; path = BFRefreshTableView.h; sourceTree = "<group>"; };
		BF62A1BE1FE107180010C046 /* BFRefreshTableView.m */ = {isa = PBXFileReference; fileEncoding = 4; lastKnownFileType = sourcecode.c.objc; path = BFRefreshTableView.m; sourceTree = "<group>"; };
		BF62A1BF1FE107180010C046 /* BFRefreshType.h */ = {isa = PBXFileReference; fileEncoding = 4; lastKnownFileType = sourcecode.c.h; path = BFRefreshType.h; sourceTree = "<group>"; };
		BF62A1C01FE107180010C046 /* BFTableView.h */ = {isa = PBXFileReference; fileEncoding = 4; lastKnownFileType = sourcecode.c.h; path = BFTableView.h; sourceTree = "<group>"; };
		BF62A1C11FE107180010C046 /* BFTableView.m */ = {isa = PBXFileReference; fileEncoding = 4; lastKnownFileType = sourcecode.c.objc; path = BFTableView.m; sourceTree = "<group>"; };
		BF62A1C21FE107180010C046 /* BFView.h */ = {isa = PBXFileReference; fileEncoding = 4; lastKnownFileType = sourcecode.c.h; path = BFView.h; sourceTree = "<group>"; };
		BF62A1C31FE107180010C046 /* BFView.m */ = {isa = PBXFileReference; fileEncoding = 4; lastKnownFileType = sourcecode.c.objc; path = BFView.m; sourceTree = "<group>"; };
		BF62A1DA1FE10F510010C046 /* BFTextField.h */ = {isa = PBXFileReference; lastKnownFileType = sourcecode.c.h; path = BFTextField.h; sourceTree = "<group>"; };
		BF62A1DB1FE10F510010C046 /* BFTextField.m */ = {isa = PBXFileReference; lastKnownFileType = sourcecode.c.objc; path = BFTextField.m; sourceTree = "<group>"; };
		BF62A1DE1FE1103E0010C046 /* BFImageTextFieldCell.h */ = {isa = PBXFileReference; fileEncoding = 4; lastKnownFileType = sourcecode.c.h; path = BFImageTextFieldCell.h; sourceTree = "<group>"; };
		BF62A1DF1FE1103E0010C046 /* BFImageTextFieldCell.m */ = {isa = PBXFileReference; fileEncoding = 4; lastKnownFileType = sourcecode.c.objc; path = BFImageTextFieldCell.m; sourceTree = "<group>"; };
		BF62A1E01FE1103E0010C046 /* BFTitleCell.h */ = {isa = PBXFileReference; fileEncoding = 4; lastKnownFileType = sourcecode.c.h; path = BFTitleCell.h; sourceTree = "<group>"; };
		BF62A1E11FE1103E0010C046 /* BFTitleCell.m */ = {isa = PBXFileReference; fileEncoding = 4; lastKnownFileType = sourcecode.c.objc; path = BFTitleCell.m; sourceTree = "<group>"; };
		BF62A1EB1FE112030010C046 /* BFTitleValueCell.h */ = {isa = PBXFileReference; fileEncoding = 4; lastKnownFileType = sourcecode.c.h; path = BFTitleValueCell.h; sourceTree = "<group>"; };
		BF62A1EC1FE112030010C046 /* BFTitleValueCell.m */ = {isa = PBXFileReference; fileEncoding = 4; lastKnownFileType = sourcecode.c.objc; path = BFTitleValueCell.m; sourceTree = "<group>"; };
		BF62A1EE1FE114150010C046 /* BFTitleTextFieldCell.m */ = {isa = PBXFileReference; fileEncoding = 4; lastKnownFileType = sourcecode.c.objc; path = BFTitleTextFieldCell.m; sourceTree = "<group>"; };
		BF62A1EF1FE114150010C046 /* BFTitleTextFieldCell.h */ = {isa = PBXFileReference; fileEncoding = 4; lastKnownFileType = sourcecode.c.h; path = BFTitleTextFieldCell.h; sourceTree = "<group>"; };
		BF62A1F11FE115020010C046 /* BFTableViewDelegate.h */ = {isa = PBXFileReference; fileEncoding = 4; lastKnownFileType = sourcecode.c.h; path = BFTableViewDelegate.h; sourceTree = "<group>"; };
		BF62A1F21FE115020010C046 /* BFTableViewDelegate.m */ = {isa = PBXFileReference; fileEncoding = 4; lastKnownFileType = sourcecode.c.objc; path = BFTableViewDelegate.m; sourceTree = "<group>"; };
		BF62A1F41FE119EC0010C046 /* BFTempletViewController.h */ = {isa = PBXFileReference; lastKnownFileType = sourcecode.c.h; path = BFTempletViewController.h; sourceTree = "<group>"; };
		BF62A1F51FE119EC0010C046 /* BFTempletViewController.m */ = {isa = PBXFileReference; lastKnownFileType = sourcecode.c.objc; path = BFTempletViewController.m; sourceTree = "<group>"; };
		BF62A1F91FE11AAA0010C046 /* BFAppDelegate.h */ = {isa = PBXFileReference; lastKnownFileType = sourcecode.c.h; path = BFAppDelegate.h; sourceTree = "<group>"; };
		BF62A1FA1FE11AAA0010C046 /* BFAppDelegate.m */ = {isa = PBXFileReference; lastKnownFileType = sourcecode.c.objc; path = BFAppDelegate.m; sourceTree = "<group>"; };
		BF62A1FF1FE23ACF0010C046 /* BFTempletViewController+RunTime.h */ = {isa = PBXFileReference; lastKnownFileType = sourcecode.c.h; path = "BFTempletViewController+RunTime.h"; sourceTree = "<group>"; };
		BF62A2001FE23ACF0010C046 /* BFTempletViewController+RunTime.m */ = {isa = PBXFileReference; lastKnownFileType = sourcecode.c.objc; path = "BFTempletViewController+RunTime.m"; sourceTree = "<group>"; };
		BF62A20A1FE270DB0010C046 /* BFLocalSettings.h */ = {isa = PBXFileReference; fileEncoding = 4; lastKnownFileType = sourcecode.c.h; path = BFLocalSettings.h; sourceTree = "<group>"; };
		BF62A20B1FE270DB0010C046 /* BFLocalSettings.m */ = {isa = PBXFileReference; fileEncoding = 4; lastKnownFileType = sourcecode.c.objc; path = BFLocalSettings.m; sourceTree = "<group>"; };
		BF62A20C1FE270DB0010C046 /* BFLocation.h */ = {isa = PBXFileReference; fileEncoding = 4; lastKnownFileType = sourcecode.c.h; path = BFLocation.h; sourceTree = "<group>"; };
		BF62A20D1FE270DB0010C046 /* BFLocation.m */ = {isa = PBXFileReference; fileEncoding = 4; lastKnownFileType = sourcecode.c.objc; path = BFLocation.m; sourceTree = "<group>"; };
		BF62A20E1FE270DB0010C046 /* BFLocationManager.h */ = {isa = PBXFileReference; fileEncoding = 4; lastKnownFileType = sourcecode.c.h; path = BFLocationManager.h; sourceTree = "<group>"; };
		BF62A20F1FE270DB0010C046 /* BFLocationManager.m */ = {isa = PBXFileReference; fileEncoding = 4; lastKnownFileType = sourcecode.c.objc; path = BFLocationManager.m; sourceTree = "<group>"; };
		BF62A2111FE270DB0010C046 /* DSAAS.h */ = {isa = PBXFileReference; fileEncoding = 4; lastKnownFileType = sourcecode.c.h; path = DSAAS.h; sourceTree = "<group>"; };
		BF62A2121FE270DB0010C046 /* DSAAS.m */ = {isa = PBXFileReference; fileEncoding = 4; lastKnownFileType = sourcecode.c.objc; path = DSAAS.m; sourceTree = "<group>"; };
		BF62A2131FE270DB0010C046 /* GlobalUICommon.h */ = {isa = PBXFileReference; fileEncoding = 4; lastKnownFileType = sourcecode.c.h; path = GlobalUICommon.h; sourceTree = "<group>"; };
		BF62A2141FE270DB0010C046 /* GlobalUICommon.m */ = {isa = PBXFileReference; fileEncoding = 4; lastKnownFileType = sourcecode.c.objc; path = GlobalUICommon.m; sourceTree = "<group>"; };
		BF62A2151FE270DB0010C046 /* NSArray+Utilities.h */ = {isa = PBXFileReference; fileEncoding = 4; lastKnownFileType = sourcecode.c.h; path = "NSArray+Utilities.h"; sourceTree = "<group>"; };
		BF62A2161FE270DB0010C046 /* NSArray+Utilities.m */ = {isa = PBXFileReference; fileEncoding = 4; lastKnownFileType = sourcecode.c.objc; path = "NSArray+Utilities.m"; sourceTree = "<group>"; };
		BF62A2171FE270DB0010C046 /* NSData+Utilities.h */ = {isa = PBXFileReference; fileEncoding = 4; lastKnownFileType = sourcecode.c.h; path = "NSData+Utilities.h"; sourceTree = "<group>"; };
		BF62A2181FE270DB0010C046 /* NSData+Utilities.m */ = {isa = PBXFileReference; fileEncoding = 4; lastKnownFileType = sourcecode.c.objc; path = "NSData+Utilities.m"; sourceTree = "<group>"; };
		BF62A2191FE270DB0010C046 /* NSDate+Utilties.h */ = {isa = PBXFileReference; fileEncoding = 4; lastKnownFileType = sourcecode.c.h; path = "NSDate+Utilties.h"; sourceTree = "<group>"; };
		BF62A21A1FE270DB0010C046 /* NSDate+Utilties.m */ = {isa = PBXFileReference; fileEncoding = 4; lastKnownFileType = sourcecode.c.objc; path = "NSDate+Utilties.m"; sourceTree = "<group>"; };
		BF62A21B1FE270DB0010C046 /* NSMutableDictionary+Utilities.h */ = {isa = PBXFileReference; fileEncoding = 4; lastKnownFileType = sourcecode.c.h; path = "NSMutableDictionary+Utilities.h"; sourceTree = "<group>"; };
		BF62A21C1FE270DB0010C046 /* NSMutableDictionary+Utilities.m */ = {isa = PBXFileReference; fileEncoding = 4; lastKnownFileType = sourcecode.c.objc; path = "NSMutableDictionary+Utilities.m"; sourceTree = "<group>"; };
		BF62A21D1FE270DB0010C046 /* NSString+Utilities.h */ = {isa = PBXFileReference; fileEncoding = 4; lastKnownFileType = sourcecode.c.h; path = "NSString+Utilities.h"; sourceTree = "<group>"; };
		BF62A21E1FE270DB0010C046 /* NSString+Utilities.m */ = {isa = PBXFileReference; fileEncoding = 4; lastKnownFileType = sourcecode.c.objc; path = "NSString+Utilities.m"; sourceTree = "<group>"; };
		BF62A21F1FE270DB0010C046 /* TWDeviceUtilities.h */ = {isa = PBXFileReference; fileEncoding = 4; lastKnownFileType = sourcecode.c.h; path = TWDeviceUtilities.h; sourceTree = "<group>"; };
		BF62A2201FE270DB0010C046 /* TWDeviceUtilities.m */ = {isa = PBXFileReference; fileEncoding = 4; lastKnownFileType = sourcecode.c.objc; path = TWDeviceUtilities.m; sourceTree = "<group>"; };
		BF62A2211FE270DB0010C046 /* UIFactory.h */ = {isa = PBXFileReference; fileEncoding = 4; lastKnownFileType = sourcecode.c.h; path = UIFactory.h; sourceTree = "<group>"; };
		BF62A2221FE270DB0010C046 /* UIFactory.m */ = {isa = PBXFileReference; fileEncoding = 4; lastKnownFileType = sourcecode.c.objc; path = UIFactory.m; sourceTree = "<group>"; };
		BF62A2231FE270DB0010C046 /* Utilities.h */ = {isa = PBXFileReference; fileEncoding = 4; lastKnownFileType = sourcecode.c.h; path = Utilities.h; sourceTree = "<group>"; };
		BF87BE631FE0D45200146486 /* BFMatchResult.h */ = {isa = PBXFileReference; fileEncoding = 4; lastKnownFileType = sourcecode.c.h; path = BFMatchResult.h; sourceTree = "<group>"; };
		BF87BE641FE0D45200146486 /* BFMatchResult.m */ = {isa = PBXFileReference; fileEncoding = 4; lastKnownFileType = sourcecode.c.objc; path = BFMatchResult.m; sourceTree = "<group>"; };
		BF87BE651FE0D45200146486 /* BFRegularExpression.h */ = {isa = PBXFileReference; fileEncoding = 4; lastKnownFileType = sourcecode.c.h; path = BFRegularExpression.h; sourceTree = "<group>"; };
		BF87BE661FE0D45200146486 /* BFRegularExpression.m */ = {isa = PBXFileReference; fileEncoding = 4; lastKnownFileType = sourcecode.c.objc; path = BFRegularExpression.m; sourceTree = "<group>"; };
		BF87BE671FE0D45200146486 /* BFRouteHandler.h */ = {isa = PBXFileReference; fileEncoding = 4; lastKnownFileType = sourcecode.c.h; path = BFRouteHandler.h; sourceTree = "<group>"; };
		BF87BE681FE0D45200146486 /* BFRouteHandler.m */ = {isa = PBXFileReference; fileEncoding = 4; lastKnownFileType = sourcecode.c.objc; path = BFRouteHandler.m; sourceTree = "<group>"; };
		BF87BE691FE0D45200146486 /* BFRouteMatcher.h */ = {isa = PBXFileReference; fileEncoding = 4; lastKnownFileType = sourcecode.c.h; path = BFRouteMatcher.h; sourceTree = "<group>"; };
		BF87BE6A1FE0D45200146486 /* BFRouteMatcher.m */ = {isa = PBXFileReference; fileEncoding = 4; lastKnownFileType = sourcecode.c.objc; path = BFRouteMatcher.m; sourceTree = "<group>"; };
		BF87BE6B1FE0D45200146486 /* BFRouter.h */ = {isa = PBXFileReference; fileEncoding = 4; lastKnownFileType = sourcecode.c.h; path = BFRouter.h; sourceTree = "<group>"; };
		BF87BE6C1FE0D45200146486 /* BFRouter.m */ = {isa = PBXFileReference; fileEncoding = 4; lastKnownFileType = sourcecode.c.objc; path = BFRouter.m; sourceTree = "<group>"; };
		BF87BE6D1FE0D45200146486 /* BFRouteRequest.h */ = {isa = PBXFileReference; fileEncoding = 4; lastKnownFileType = sourcecode.c.h; path = BFRouteRequest.h; sourceTree = "<group>"; };
		BF87BE6E1FE0D45200146486 /* BFRouteRequest.m */ = {isa = PBXFileReference; fileEncoding = 4; lastKnownFileType = sourcecode.c.objc; path = BFRouteRequest.m; sourceTree = "<group>"; };
		BF87BE761FE0D49100146486 /* Categories.h */ = {isa = PBXFileReference; fileEncoding = 4; lastKnownFileType = sourcecode.c.h; path = Categories.h; sourceTree = "<group>"; };
		BF87BE771FE0D49100146486 /* MKMapView+ZoomLevel.h */ = {isa = PBXFileReference; fileEncoding = 4; lastKnownFileType = sourcecode.c.h; path = "MKMapView+ZoomLevel.h"; sourceTree = "<group>"; };
		BF87BE781FE0D49100146486 /* MKMapView+ZoomLevel.m */ = {isa = PBXFileReference; fileEncoding = 4; lastKnownFileType = sourcecode.c.objc; path = "MKMapView+ZoomLevel.m"; sourceTree = "<group>"; };
		BF87BE791FE0D49100146486 /* UIBarButtonItem+Badge.h */ = {isa = PBXFileReference; fileEncoding = 4; lastKnownFileType = sourcecode.c.h; path = "UIBarButtonItem+Badge.h"; sourceTree = "<group>"; };
		BF87BE7A1FE0D49100146486 /* UIBarButtonItem+Badge.m */ = {isa = PBXFileReference; fileEncoding = 4; lastKnownFileType = sourcecode.c.objc; path = "UIBarButtonItem+Badge.m"; sourceTree = "<group>"; };
		BF87BE7B1FE0D49100146486 /* UIButton+Badge.h */ = {isa = PBXFileReference; fileEncoding = 4; lastKnownFileType = sourcecode.c.h; path = "UIButton+Badge.h"; sourceTree = "<group>"; };
		BF87BE7C1FE0D49100146486 /* UIButton+Badge.m */ = {isa = PBXFileReference; fileEncoding = 4; lastKnownFileType = sourcecode.c.objc; path = "UIButton+Badge.m"; sourceTree = "<group>"; };
		BF87BE7D1FE0D49100146486 /* UIImage+Alpha.h */ = {isa = PBXFileReference; fileEncoding = 4; lastKnownFileType = sourcecode.c.h; path = "UIImage+Alpha.h"; sourceTree = "<group>"; };
		BF87BE7E1FE0D49100146486 /* UIImage+Alpha.m */ = {isa = PBXFileReference; fileEncoding = 4; lastKnownFileType = sourcecode.c.objc; path = "UIImage+Alpha.m"; sourceTree = "<group>"; };
		BF87BE811FE0D49100146486 /* UIImage+ImageEffects.h */ = {isa = PBXFileReference; fileEncoding = 4; lastKnownFileType = sourcecode.c.h; path = "UIImage+ImageEffects.h"; sourceTree = "<group>"; };
		BF87BE821FE0D49100146486 /* UIImage+ImageEffects.m */ = {isa = PBXFileReference; fileEncoding = 4; lastKnownFileType = sourcecode.c.objc; path = "UIImage+ImageEffects.m"; sourceTree = "<group>"; };
		BF87BE831FE0D49100146486 /* UIImage+LFGif.h */ = {isa = PBXFileReference; fileEncoding = 4; lastKnownFileType = sourcecode.c.h; path = "UIImage+LFGif.h"; sourceTree = "<group>"; };
		BF87BE841FE0D49100146486 /* UIImage+LFGif.m */ = {isa = PBXFileReference; fileEncoding = 4; lastKnownFileType = sourcecode.c.objc; path = "UIImage+LFGif.m"; sourceTree = "<group>"; };
		BF87BE851FE0D49100146486 /* UIImage+Resize.h */ = {isa = PBXFileReference; fileEncoding = 4; lastKnownFileType = sourcecode.c.h; path = "UIImage+Resize.h"; sourceTree = "<group>"; };
		BF87BE861FE0D49100146486 /* UIImage+Resize.m */ = {isa = PBXFileReference; fileEncoding = 4; lastKnownFileType = sourcecode.c.objc; path = "UIImage+Resize.m"; sourceTree = "<group>"; };
		BF87BE871FE0D49100146486 /* UIImage+RoundedCorner.h */ = {isa = PBXFileReference; fileEncoding = 4; lastKnownFileType = sourcecode.c.h; path = "UIImage+RoundedCorner.h"; sourceTree = "<group>"; };
		BF87BE881FE0D49100146486 /* UIImage+RoundedCorner.m */ = {isa = PBXFileReference; fileEncoding = 4; lastKnownFileType = sourcecode.c.objc; path = "UIImage+RoundedCorner.m"; sourceTree = "<group>"; };
		BF87BE891FE0D49100146486 /* UIImage+TintColor.h */ = {isa = PBXFileReference; fileEncoding = 4; lastKnownFileType = sourcecode.c.h; path = "UIImage+TintColor.h"; sourceTree = "<group>"; };
		BF87BE8A1FE0D49100146486 /* UIImage+TintColor.m */ = {isa = PBXFileReference; fileEncoding = 4; lastKnownFileType = sourcecode.c.objc; path = "UIImage+TintColor.m"; sourceTree = "<group>"; };
		BF87BE8B1FE0D49100146486 /* UILabel+Attributes.h */ = {isa = PBXFileReference; fileEncoding = 4; lastKnownFileType = sourcecode.c.h; path = "UILabel+Attributes.h"; sourceTree = "<group>"; };
		BF87BE8C1FE0D49100146486 /* UILabel+Attributes.m */ = {isa = PBXFileReference; fileEncoding = 4; lastKnownFileType = sourcecode.c.objc; path = "UILabel+Attributes.m"; sourceTree = "<group>"; };
		BF87BE8D1FE0D49100146486 /* UINavigationController+CompletionHandler.h */ = {isa = PBXFileReference; fileEncoding = 4; lastKnownFileType = sourcecode.c.h; path = "UINavigationController+CompletionHandler.h"; sourceTree = "<group>"; };
		BF87BE8E1FE0D49100146486 /* UINavigationController+CompletionHandler.m */ = {isa = PBXFileReference; fileEncoding = 4; lastKnownFileType = sourcecode.c.objc; path = "UINavigationController+CompletionHandler.m"; sourceTree = "<group>"; };
		BF87BE8F1FE0D49100146486 /* UINavigationItem+iOS7Spacing.h */ = {isa = PBXFileReference; fileEncoding = 4; lastKnownFileType = sourcecode.c.h; path = "UINavigationItem+iOS7Spacing.h"; sourceTree = "<group>"; };
		BF87BE901FE0D49100146486 /* UINavigationItem+iOS7Spacing.m */ = {isa = PBXFileReference; fileEncoding = 4; lastKnownFileType = sourcecode.c.objc; path = "UINavigationItem+iOS7Spacing.m"; sourceTree = "<group>"; };
		BF87BE911FE0D49100146486 /* UITabBar+Badge.h */ = {isa = PBXFileReference; fileEncoding = 4; lastKnownFileType = sourcecode.c.h; path = "UITabBar+Badge.h"; sourceTree = "<group>"; };
		BF87BE921FE0D49100146486 /* UITabBar+Badge.m */ = {isa = PBXFileReference; fileEncoding = 4; lastKnownFileType = sourcecode.c.objc; path = "UITabBar+Badge.m"; sourceTree = "<group>"; };
		BF87BE931FE0D49100146486 /* UIView+ConvenienceFrame.h */ = {isa = PBXFileReference; fileEncoding = 4; lastKnownFileType = sourcecode.c.h; path = "UIView+ConvenienceFrame.h"; sourceTree = "<group>"; };
		BF87BE941FE0D49100146486 /* UIView+ConvenienceFrame.m */ = {isa = PBXFileReference; fileEncoding = 4; lastKnownFileType = sourcecode.c.objc; path = "UIView+ConvenienceFrame.m"; sourceTree = "<group>"; };
		BF87BEA41FE0D4EC00146486 /* UserNotifications.framework */ = {isa = PBXFileReference; lastKnownFileType = wrapper.framework; name = UserNotifications.framework; path = System/Library/Frameworks/UserNotifications.framework; sourceTree = SDKROOT; };
		BF87BEA51FE0D4F500146486 /* UserNotificationsUI.framework */ = {isa = PBXFileReference; lastKnownFileType = wrapper.framework; name = UserNotificationsUI.framework; path = System/Library/Frameworks/UserNotificationsUI.framework; sourceTree = SDKROOT; };
		BF87BEA61FE0D56400146486 /* UIKit.framework */ = {isa = PBXFileReference; lastKnownFileType = wrapper.framework; name = UIKit.framework; path = System/Library/Frameworks/UIKit.framework; sourceTree = SDKROOT; };
		BF87BECF1FE0D71700146486 /* Commons.h */ = {isa = PBXFileReference; lastKnownFileType = sourcecode.c.h; path = Commons.h; sourceTree = "<group>"; };
		BF87BED01FE0D82900146486 /* SystemConfiguration.framework */ = {isa = PBXFileReference; lastKnownFileType = wrapper.framework; name = SystemConfiguration.framework; path = System/Library/Frameworks/SystemConfiguration.framework; sourceTree = SDKROOT; };
		BF87BED11FE0D8D200146486 /* UIImage+Device.h */ = {isa = PBXFileReference; fileEncoding = 4; lastKnownFileType = sourcecode.c.h; path = "UIImage+Device.h"; sourceTree = "<group>"; };
		BF87BED21FE0D8D200146486 /* UIImage+Device.m */ = {isa = PBXFileReference; fileEncoding = 4; lastKnownFileType = sourcecode.c.objc; path = "UIImage+Device.m"; sourceTree = "<group>"; };
		BF87BEEB1FE0F6E200146486 /* AppMacro.h */ = {isa = PBXFileReference; fileEncoding = 4; lastKnownFileType = sourcecode.c.h; path = AppMacro.h; sourceTree = "<group>"; };
		BF87BEEC1FE0F6E200146486 /* Macro.h */ = {isa = PBXFileReference; fileEncoding = 4; lastKnownFileType = sourcecode.c.h; path = Macro.h; sourceTree = "<group>"; };
		BF87BEED1FE0F6E200146486 /* NotificationMacro.h */ = {isa = PBXFileReference; fileEncoding = 4; lastKnownFileType = sourcecode.c.h; path = NotificationMacro.h; sourceTree = "<group>"; };
		BF87BEEE1FE0F6E200146486 /* UtilsMacro.h */ = {isa = PBXFileReference; fileEncoding = 4; lastKnownFileType = sourcecode.c.h; path = UtilsMacro.h; sourceTree = "<group>"; };
		BF87BEEF1FE0F6E200146486 /* VendorMacro.h */ = {isa = PBXFileReference; fileEncoding = 4; lastKnownFileType = sourcecode.c.h; path = VendorMacro.h; sourceTree = "<group>"; };
		BF87BEFB1FE0F74B00146486 /* BFResponse.m */ = {isa = PBXFileReference; fileEncoding = 4; lastKnownFileType = sourcecode.c.objc; path = BFResponse.m; sourceTree = "<group>"; };
		BF87BEFC1FE0F74B00146486 /* BFResponse.h */ = {isa = PBXFileReference; fileEncoding = 4; lastKnownFileType = sourcecode.c.h; path = BFResponse.h; sourceTree = "<group>"; };
		BF87BEFD1FE0F74C00146486 /* BFNetworkReachabilityManager.h */ = {isa = PBXFileReference; fileEncoding = 4; lastKnownFileType = sourcecode.c.h; path = BFNetworkReachabilityManager.h; sourceTree = "<group>"; };
		BF87BEFE1FE0F74C00146486 /* BFRequest.h */ = {isa = PBXFileReference; fileEncoding = 4; lastKnownFileType = sourcecode.c.h; path = BFRequest.h; sourceTree = "<group>"; };
		BF87BEFF1FE0F74C00146486 /* BFNetworkManager.h */ = {isa = PBXFileReference; fileEncoding = 4; lastKnownFileType = sourcecode.c.h; path = BFNetworkManager.h; sourceTree = "<group>"; };
		BF87BF001FE0F74C00146486 /* BFNetworkReachabilityManager.m */ = {isa = PBXFileReference; fileEncoding = 4; lastKnownFileType = sourcecode.c.objc; path = BFNetworkReachabilityManager.m; sourceTree = "<group>"; };
		BF87BF011FE0F74C00146486 /* BFNetworkManager.m */ = {isa = PBXFileReference; fileEncoding = 4; lastKnownFileType = sourcecode.c.objc; path = BFNetworkManager.m; sourceTree = "<group>"; };
		BF87BF021FE0F74C00146486 /* BFRequest.m */ = {isa = PBXFileReference; fileEncoding = 4; lastKnownFileType = sourcecode.c.objc; path = BFRequest.m; sourceTree = "<group>"; };
		BF87BF031FE0F74C00146486 /* BFReforerProtocol.h */ = {isa = PBXFileReference; fileEncoding = 4; lastKnownFileType = sourcecode.c.h; path = BFReforerProtocol.h; sourceTree = "<group>"; };
		BF87BF2B1FE0FEED00146486 /* BFSwitchView.m */ = {isa = PBXFileReference; fileEncoding = 4; lastKnownFileType = sourcecode.c.objc; path = BFSwitchView.m; sourceTree = "<group>"; };
		BF87BF2C1FE0FEED00146486 /* BFSwitchView.h */ = {isa = PBXFileReference; fileEncoding = 4; lastKnownFileType = sourcecode.c.h; path = BFSwitchView.h; sourceTree = "<group>"; };
		BF87BF2E1FE0FF1900146486 /* BFTagView.h */ = {isa = PBXFileReference; fileEncoding = 4; lastKnownFileType = sourcecode.c.h; path = BFTagView.h; sourceTree = "<group>"; };
		BF87BF2F1FE0FF1900146486 /* BFTagView.m */ = {isa = PBXFileReference; fileEncoding = 4; lastKnownFileType = sourcecode.c.objc; path = BFTagView.m; sourceTree = "<group>"; };
/* End PBXFileReference section */

/* Begin PBXFrameworksBuildPhase section */
		BF4849BB1FE0CDBE00B83036 /* Frameworks */ = {
			isa = PBXFrameworksBuildPhase;
			buildActionMask = 2147483647;
			files = (
				7C330BE9061BDF466A531E9A /* libPods-BaseFrameDemo.a in Frameworks */,
			);
			runOnlyForDeploymentPostprocessing = 0;
		};
		BF4849D61FE0CDBE00B83036 /* Frameworks */ = {
			isa = PBXFrameworksBuildPhase;
			buildActionMask = 2147483647;
			files = (
			);
			runOnlyForDeploymentPostprocessing = 0;
		};
		BF4849E11FE0CDBE00B83036 /* Frameworks */ = {
			isa = PBXFrameworksBuildPhase;
			buildActionMask = 2147483647;
			files = (
			);
			runOnlyForDeploymentPostprocessing = 0;
		};
/* End PBXFrameworksBuildPhase section */

/* Begin PBXGroup section */
		19B0417D087314D7090B91D0 /* Pods */ = {
			isa = PBXGroup;
			children = (
				91BEB8CA1CF1A6EC50113F05 /* Pods-BaseFrameDemo.debug.xcconfig */,
				B5C23857A9D36E9B84B78ECF /* Pods-BaseFrameDemo.release.xcconfig */,
			);
			name = Pods;
			sourceTree = "<group>";
		};
		BF4849B51FE0CDBE00B83036 = {
			isa = PBXGroup;
			children = (
				BF4849F61FE0D0B500B83036 /* Commons */,
				BF4849C01FE0CDBE00B83036 /* BaseFrameDemo */,
				BF4849DC1FE0CDBE00B83036 /* BaseFrameDemoTests */,
				BF4849E71FE0CDBE00B83036 /* BaseFrameDemoUITests */,
				BF4849BF1FE0CDBE00B83036 /* Products */,
				19B0417D087314D7090B91D0 /* Pods */,
				CFADC6242E42DD0D2AA57AD7 /* Frameworks */,
			);
			sourceTree = "<group>";
		};
		BF4849BF1FE0CDBE00B83036 /* Products */ = {
			isa = PBXGroup;
			children = (
				BF4849BE1FE0CDBE00B83036 /* BaseFrameDemo.app */,
				BF4849D91FE0CDBE00B83036 /* BaseFrameDemoTests.xctest */,
				BF4849E41FE0CDBE00B83036 /* BaseFrameDemoUITests.xctest */,
			);
			name = Products;
			sourceTree = "<group>";
		};
		BF4849C01FE0CDBE00B83036 /* BaseFrameDemo */ = {
			isa = PBXGroup;
			children = (
				BF62A1F81FE11A5B0010C046 /* AppDelegate */,
				BF87BEE41FE0F6E200146486 /* General */,
				BF62A1F41FE119EC0010C046 /* BFTempletViewController.h */,
				BF62A1F51FE119EC0010C046 /* BFTempletViewController.m */,
				BF62A1FF1FE23ACF0010C046 /* BFTempletViewController+RunTime.h */,
				BF62A2001FE23ACF0010C046 /* BFTempletViewController+RunTime.m */,
				BF4849C11FE0CDBE00B83036 /* AppDelegate.h */,
				BF4849C21FE0CDBE00B83036 /* AppDelegate.m */,
				BF4849C41FE0CDBE00B83036 /* ViewController.h */,
				BF4849C51FE0CDBE00B83036 /* ViewController.m */,
				BF62A1A81FE1050E0010C046 /* BFMainViewController.h */,
				BF62A1A91FE1050E0010C046 /* BFMainViewController.m */,
				BF4849C71FE0CDBE00B83036 /* Main.storyboard */,
				BF4849CD1FE0CDBE00B83036 /* Assets.xcassets */,
				BF62A1F71FE11A1D0010C046 /* Supporting Files */,
			);
			path = BaseFrameDemo;
			sourceTree = "<group>";
		};
		BF4849DC1FE0CDBE00B83036 /* BaseFrameDemoTests */ = {
			isa = PBXGroup;
			children = (
				BF4849DD1FE0CDBE00B83036 /* BaseFrameDemoTests.m */,
				BF4849DF1FE0CDBE00B83036 /* Info.plist */,
			);
			path = BaseFrameDemoTests;
			sourceTree = "<group>";
		};
		BF4849E71FE0CDBE00B83036 /* BaseFrameDemoUITests */ = {
			isa = PBXGroup;
			children = (
				BF4849E81FE0CDBE00B83036 /* BaseFrameDemoUITests.m */,
				BF4849EA1FE0CDBE00B83036 /* Info.plist */,
			);
			path = BaseFrameDemoUITests;
			sourceTree = "<group>";
		};
		BF4849F61FE0D0B500B83036 /* Commons */ = {
			isa = PBXGroup;
			children = (
				BF62A2091FE270DB0010C046 /* Utilities */,
				BF87BECF1FE0D71700146486 /* Commons.h */,
				BF62A1AB1FE107180010C046 /* Base */,
				BF87BE751FE0D49100146486 /* Categories */,
				BF87BE621FE0D45200146486 /* BFRouter */,
				BF4849F81FE0D0B500B83036 /* Network */,
				BF4849FA1FE0D0B500B83036 /* Widgets */,
			);
			path = Commons;
			sourceTree = "<group>";
		};
		BF4849F81FE0D0B500B83036 /* Network */ = {
			isa = PBXGroup;
			children = (
				BF87BEFF1FE0F74C00146486 /* BFNetworkManager.h */,
				BF87BF011FE0F74C00146486 /* BFNetworkManager.m */,
				BF87BEFD1FE0F74C00146486 /* BFNetworkReachabilityManager.h */,
				BF87BF001FE0F74C00146486 /* BFNetworkReachabilityManager.m */,
				BF87BF031FE0F74C00146486 /* BFReforerProtocol.h */,
				BF87BEFE1FE0F74C00146486 /* BFRequest.h */,
				BF87BF021FE0F74C00146486 /* BFRequest.m */,
				BF87BEFC1FE0F74B00146486 /* BFResponse.h */,
				BF87BEFB1FE0F74B00146486 /* BFResponse.m */,
			);
			path = Network;
			sourceTree = "<group>";
		};
		BF4849FA1FE0D0B500B83036 /* Widgets */ = {
			isa = PBXGroup;
			children = (
				BF62A1A31FE103A30010C046 /* BFStepper.h */,
				BF62A1A21FE103A30010C046 /* BFStepper.m */,
				BF87BF2E1FE0FF1900146486 /* BFTagView.h */,
				BF87BF2F1FE0FF1900146486 /* BFTagView.m */,
				BF87BF2C1FE0FEED00146486 /* BFSwitchView.h */,
				BF87BF2B1FE0FEED00146486 /* BFSwitchView.m */,
			);
			path = Widgets;
			sourceTree = "<group>";
		};
		BF62A1AB1FE107180010C046 /* Base */ = {
			isa = PBXGroup;
			children = (
				BF62A1AC1FE107180010C046 /* BFObject.h */,
				BF62A1AD1FE107180010C046 /* BFObject.m */,
				BF62A1AE1FE107180010C046 /* BFVersion.h */,
				BF62A1AF1FE107180010C046 /* BFVersion.m */,
				BF62A1B01FE107180010C046 /* Cells */,
				BF62A1B51FE107180010C046 /* ViewControllers */,
				BF62A1B81FE107180010C046 /* Views */,
			);
			path = Base;
			sourceTree = "<group>";
		};
		BF62A1B01FE107180010C046 /* Cells */ = {
			isa = PBXGroup;
			children = (
				BF62A1B11FE107180010C046 /* BFCollectionViewCell.h */,
				BF62A1B21FE107180010C046 /* BFCollectionViewCell.m */,
				BF62A1B31FE107180010C046 /* BFTableViewCell.h */,
				BF62A1B41FE107180010C046 /* BFTableViewCell.m */,
			);
			path = Cells;
			sourceTree = "<group>";
		};
		BF62A1B51FE107180010C046 /* ViewControllers */ = {
			isa = PBXGroup;
			children = (
				BF62A1B61FE107180010C046 /* BFViewController.h */,
				BF62A1B71FE107180010C046 /* BFViewController.m */,
			);
			path = ViewControllers;
			sourceTree = "<group>";
		};
		BF62A1B81FE107180010C046 /* Views */ = {
			isa = PBXGroup;
			children = (
				BF62A1B91FE107180010C046 /* BFCollectionView.h */,
				BF62A1BA1FE107180010C046 /* BFCollectionView.m */,
				BF62A1BB1FE107180010C046 /* BFRefreshCollectionView.h */,
				BF62A1BC1FE107180010C046 /* BFRefreshCollectionView.m */,
				BF62A1BD1FE107180010C046 /* BFRefreshTableView.h */,
				BF62A1BE1FE107180010C046 /* BFRefreshTableView.m */,
				BF62A1BF1FE107180010C046 /* BFRefreshType.h */,
				BF62A1C01FE107180010C046 /* BFTableView.h */,
				BF62A1C11FE107180010C046 /* BFTableView.m */,
				BF62A1C21FE107180010C046 /* BFView.h */,
				BF62A1C31FE107180010C046 /* BFView.m */,
				BF62A1DA1FE10F510010C046 /* BFTextField.h */,
				BF62A1DB1FE10F510010C046 /* BFTextField.m */,
			);
			path = Views;
			sourceTree = "<group>";
		};
		BF62A1DD1FE1103E0010C046 /* Cells */ = {
			isa = PBXGroup;
			children = (
				BF62A1EF1FE114150010C046 /* BFTitleTextFieldCell.h */,
				BF62A1EE1FE114150010C046 /* BFTitleTextFieldCell.m */,
				BF62A1EB1FE112030010C046 /* BFTitleValueCell.h */,
				BF62A1EC1FE112030010C046 /* BFTitleValueCell.m */,
				BF62A1DE1FE1103E0010C046 /* BFImageTextFieldCell.h */,
				BF62A1DF1FE1103E0010C046 /* BFImageTextFieldCell.m */,
				BF62A1E01FE1103E0010C046 /* BFTitleCell.h */,
				BF62A1E11FE1103E0010C046 /* BFTitleCell.m */,
			);
			path = Cells;
			sourceTree = "<group>";
		};
		BF62A1E61FE1103E0010C046 /* Views */ = {
			isa = PBXGroup;
			children = (
			);
			path = Views;
			sourceTree = "<group>";
		};
		BF62A1F71FE11A1D0010C046 /* Supporting Files */ = {
			isa = PBXGroup;
			children = (
				BF4849CF1FE0CDBE00B83036 /* LaunchScreen.storyboard */,
				BF4849D21FE0CDBE00B83036 /* Info.plist */,
				BF4849D31FE0CDBE00B83036 /* main.m */,
				BF4849CA1FE0CDBE00B83036 /* BaseFrameDemo.xcdatamodeld */,
			);
			path = "Supporting Files";
			sourceTree = "<group>";
		};
		BF62A1F81FE11A5B0010C046 /* AppDelegate */ = {
			isa = PBXGroup;
			children = (
				BF62A1F91FE11AAA0010C046 /* BFAppDelegate.h */,
				BF62A1FA1FE11AAA0010C046 /* BFAppDelegate.m */,
			);
			path = AppDelegate;
			sourceTree = "<group>";
		};
		BF62A2091FE270DB0010C046 /* Utilities */ = {
			isa = PBXGroup;
			children = (
				BF62A20A1FE270DB0010C046 /* BFLocalSettings.h */,
				BF62A20B1FE270DB0010C046 /* BFLocalSettings.m */,
				BF62A20C1FE270DB0010C046 /* BFLocation.h */,
				BF62A20D1FE270DB0010C046 /* BFLocation.m */,
				BF62A20E1FE270DB0010C046 /* BFLocationManager.h */,
				BF62A20F1FE270DB0010C046 /* BFLocationManager.m */,
				BF62A2111FE270DB0010C046 /* DSAAS.h */,
				BF62A2121FE270DB0010C046 /* DSAAS.m */,
				BF62A2131FE270DB0010C046 /* GlobalUICommon.h */,
				BF62A2141FE270DB0010C046 /* GlobalUICommon.m */,
				BF62A2151FE270DB0010C046 /* NSArray+Utilities.h */,
				BF62A2161FE270DB0010C046 /* NSArray+Utilities.m */,
				BF62A2171FE270DB0010C046 /* NSData+Utilities.h */,
				BF62A2181FE270DB0010C046 /* NSData+Utilities.m */,
				BF62A2191FE270DB0010C046 /* NSDate+Utilties.h */,
				BF62A21A1FE270DB0010C046 /* NSDate+Utilties.m */,
				BF62A21B1FE270DB0010C046 /* NSMutableDictionary+Utilities.h */,
				BF62A21C1FE270DB0010C046 /* NSMutableDictionary+Utilities.m */,
				BF62A21D1FE270DB0010C046 /* NSString+Utilities.h */,
				BF62A21E1FE270DB0010C046 /* NSString+Utilities.m */,
				BF62A21F1FE270DB0010C046 /* TWDeviceUtilities.h */,
				BF62A2201FE270DB0010C046 /* TWDeviceUtilities.m */,
				BF62A2211FE270DB0010C046 /* UIFactory.h */,
				BF62A2221FE270DB0010C046 /* UIFactory.m */,
				BF62A2231FE270DB0010C046 /* Utilities.h */,
			);
			path = Utilities;
			sourceTree = "<group>";
		};
		BF87BE621FE0D45200146486 /* BFRouter */ = {
			isa = PBXGroup;
			children = (
				BF87BE631FE0D45200146486 /* BFMatchResult.h */,
				BF87BE641FE0D45200146486 /* BFMatchResult.m */,
				BF87BE651FE0D45200146486 /* BFRegularExpression.h */,
				BF87BE661FE0D45200146486 /* BFRegularExpression.m */,
				BF87BE671FE0D45200146486 /* BFRouteHandler.h */,
				BF87BE681FE0D45200146486 /* BFRouteHandler.m */,
				BF87BE691FE0D45200146486 /* BFRouteMatcher.h */,
				BF87BE6A1FE0D45200146486 /* BFRouteMatcher.m */,
				BF87BE6B1FE0D45200146486 /* BFRouter.h */,
				BF87BE6C1FE0D45200146486 /* BFRouter.m */,
				BF87BE6D1FE0D45200146486 /* BFRouteRequest.h */,
				BF87BE6E1FE0D45200146486 /* BFRouteRequest.m */,
			);
			path = BFRouter;
			sourceTree = "<group>";
		};
		BF87BE751FE0D49100146486 /* Categories */ = {
			isa = PBXGroup;
			children = (
				BF87BE761FE0D49100146486 /* Categories.h */,
				BF87BED11FE0D8D200146486 /* UIImage+Device.h */,
				BF87BED21FE0D8D200146486 /* UIImage+Device.m */,
				BF87BE771FE0D49100146486 /* MKMapView+ZoomLevel.h */,
				BF87BE781FE0D49100146486 /* MKMapView+ZoomLevel.m */,
				BF87BE791FE0D49100146486 /* UIBarButtonItem+Badge.h */,
				BF87BE7A1FE0D49100146486 /* UIBarButtonItem+Badge.m */,
				BF87BE7B1FE0D49100146486 /* UIButton+Badge.h */,
				BF87BE7C1FE0D49100146486 /* UIButton+Badge.m */,
				BF87BE7D1FE0D49100146486 /* UIImage+Alpha.h */,
				BF87BE7E1FE0D49100146486 /* UIImage+Alpha.m */,
				BF87BE811FE0D49100146486 /* UIImage+ImageEffects.h */,
				BF87BE821FE0D49100146486 /* UIImage+ImageEffects.m */,
				BF87BE831FE0D49100146486 /* UIImage+LFGif.h */,
				BF87BE841FE0D49100146486 /* UIImage+LFGif.m */,
				BF87BE851FE0D49100146486 /* UIImage+Resize.h */,
				BF87BE861FE0D49100146486 /* UIImage+Resize.m */,
				BF87BE871FE0D49100146486 /* UIImage+RoundedCorner.h */,
				BF87BE881FE0D49100146486 /* UIImage+RoundedCorner.m */,
				BF87BE891FE0D49100146486 /* UIImage+TintColor.h */,
				BF87BE8A1FE0D49100146486 /* UIImage+TintColor.m */,
				BF87BE8B1FE0D49100146486 /* UILabel+Attributes.h */,
				BF87BE8C1FE0D49100146486 /* UILabel+Attributes.m */,
				BF87BE8D1FE0D49100146486 /* UINavigationController+CompletionHandler.h */,
				BF87BE8E1FE0D49100146486 /* UINavigationController+CompletionHandler.m */,
				BF87BE8F1FE0D49100146486 /* UINavigationItem+iOS7Spacing.h */,
				BF87BE901FE0D49100146486 /* UINavigationItem+iOS7Spacing.m */,
				BF87BE911FE0D49100146486 /* UITabBar+Badge.h */,
				BF87BE921FE0D49100146486 /* UITabBar+Badge.m */,
				BF87BE931FE0D49100146486 /* UIView+ConvenienceFrame.h */,
				BF87BE941FE0D49100146486 /* UIView+ConvenienceFrame.m */,
			);
			path = Categories;
			sourceTree = "<group>";
		};
		BF87BEE41FE0F6E200146486 /* General */ = {
			isa = PBXGroup;
			children = (
				BF62A1DD1FE1103E0010C046 /* Cells */,
				BF62A1E61FE1103E0010C046 /* Views */,
				BF87BEE51FE0F6E200146486 /* Classes */,
				BF87BEEA1FE0F6E200146486 /* Macro */,
				BF87BEF01FE0F6E200146486 /* ViewControllers */,
			);
			path = General;
			sourceTree = "<group>";
		};
		BF87BEE51FE0F6E200146486 /* Classes */ = {
			isa = PBXGroup;
			children = (
				BF62A1F11FE115020010C046 /* BFTableViewDelegate.h */,
				BF62A1F21FE115020010C046 /* BFTableViewDelegate.m */,
			);
			path = Classes;
			sourceTree = "<group>";
		};
		BF87BEEA1FE0F6E200146486 /* Macro */ = {
			isa = PBXGroup;
			children = (
				BF87BEEB1FE0F6E200146486 /* AppMacro.h */,
				BF87BEEC1FE0F6E200146486 /* Macro.h */,
				BF87BEED1FE0F6E200146486 /* NotificationMacro.h */,
				BF87BEEE1FE0F6E200146486 /* UtilsMacro.h */,
				BF87BEEF1FE0F6E200146486 /* VendorMacro.h */,
			);
			path = Macro;
			sourceTree = "<group>";
		};
		BF87BEF01FE0F6E200146486 /* ViewControllers */ = {
			isa = PBXGroup;
			children = (
				BF62A1A61FE104A60010C046 /* BFTabViewControlle.h */,
				BF62A1A51FE104A60010C046 /* BFTabViewControlle.m */,
			);
			path = ViewControllers;
			sourceTree = "<group>";
		};
		CFADC6242E42DD0D2AA57AD7 /* Frameworks */ = {
			isa = PBXGroup;
			children = (
				BF87BED01FE0D82900146486 /* SystemConfiguration.framework */,
				BF87BEA61FE0D56400146486 /* UIKit.framework */,
				BF87BEA51FE0D4F500146486 /* UserNotificationsUI.framework */,
				BF87BEA41FE0D4EC00146486 /* UserNotifications.framework */,
				7E2192CBFEFA0931C700DEF4 /* libPods-BaseFrameDemo.a */,
			);
			name = Frameworks;
			sourceTree = "<group>";
		};
/* End PBXGroup section */

/* Begin PBXNativeTarget section */
		BF4849BD1FE0CDBE00B83036 /* BaseFrameDemo */ = {
			isa = PBXNativeTarget;
			buildConfigurationList = BF4849ED1FE0CDBE00B83036 /* Build configuration list for PBXNativeTarget "BaseFrameDemo" */;
			buildPhases = (
				2DEA853C16088B828B0CA82C /* [CP] Check Pods Manifest.lock */,
				BF4849BA1FE0CDBE00B83036 /* Sources */,
				BF4849BB1FE0CDBE00B83036 /* Frameworks */,
				BF4849BC1FE0CDBE00B83036 /* Resources */,
				1F7F06383E296563A597F209 /* [CP] Embed Pods Frameworks */,
				0CC877DB4D98B8BEB4E5B0D5 /* [CP] Copy Pods Resources */,
			);
			buildRules = (
			);
			dependencies = (
			);
			name = BaseFrameDemo;
			productName = BaseFrameDemo;
			productReference = BF4849BE1FE0CDBE00B83036 /* BaseFrameDemo.app */;
			productType = "com.apple.product-type.application";
		};
		BF4849D81FE0CDBE00B83036 /* BaseFrameDemoTests */ = {
			isa = PBXNativeTarget;
			buildConfigurationList = BF4849F01FE0CDBE00B83036 /* Build configuration list for PBXNativeTarget "BaseFrameDemoTests" */;
			buildPhases = (
				BF4849D51FE0CDBE00B83036 /* Sources */,
				BF4849D61FE0CDBE00B83036 /* Frameworks */,
				BF4849D71FE0CDBE00B83036 /* Resources */,
			);
			buildRules = (
			);
			dependencies = (
				BF4849DB1FE0CDBE00B83036 /* PBXTargetDependency */,
			);
			name = BaseFrameDemoTests;
			productName = BaseFrameDemoTests;
			productReference = BF4849D91FE0CDBE00B83036 /* BaseFrameDemoTests.xctest */;
			productType = "com.apple.product-type.bundle.unit-test";
		};
		BF4849E31FE0CDBE00B83036 /* BaseFrameDemoUITests */ = {
			isa = PBXNativeTarget;
			buildConfigurationList = BF4849F31FE0CDBE00B83036 /* Build configuration list for PBXNativeTarget "BaseFrameDemoUITests" */;
			buildPhases = (
				BF4849E01FE0CDBE00B83036 /* Sources */,
				BF4849E11FE0CDBE00B83036 /* Frameworks */,
				BF4849E21FE0CDBE00B83036 /* Resources */,
			);
			buildRules = (
			);
			dependencies = (
				BF4849E61FE0CDBE00B83036 /* PBXTargetDependency */,
			);
			name = BaseFrameDemoUITests;
			productName = BaseFrameDemoUITests;
			productReference = BF4849E41FE0CDBE00B83036 /* BaseFrameDemoUITests.xctest */;
			productType = "com.apple.product-type.bundle.ui-testing";
		};
/* End PBXNativeTarget section */

/* Begin PBXProject section */
		BF4849B61FE0CDBE00B83036 /* Project object */ = {
			isa = PBXProject;
			attributes = {
				LastUpgradeCheck = 0910;
				ORGANIZATIONNAME = Jimmy;
				TargetAttributes = {
					BF4849BD1FE0CDBE00B83036 = {
						CreatedOnToolsVersion = 9.1;
						ProvisioningStyle = Automatic;
					};
					BF4849D81FE0CDBE00B83036 = {
						CreatedOnToolsVersion = 9.1;
						ProvisioningStyle = Automatic;
						TestTargetID = BF4849BD1FE0CDBE00B83036;
					};
					BF4849E31FE0CDBE00B83036 = {
						CreatedOnToolsVersion = 9.1;
						ProvisioningStyle = Automatic;
						TestTargetID = BF4849BD1FE0CDBE00B83036;
					};
				};
			};
			buildConfigurationList = BF4849B91FE0CDBE00B83036 /* Build configuration list for PBXProject "BaseFrameDemo" */;
			compatibilityVersion = "Xcode 8.0";
			developmentRegion = en;
			hasScannedForEncodings = 0;
			knownRegions = (
				en,
				Base,
			);
			mainGroup = BF4849B51FE0CDBE00B83036;
			productRefGroup = BF4849BF1FE0CDBE00B83036 /* Products */;
			projectDirPath = "";
			projectRoot = "";
			targets = (
				BF4849BD1FE0CDBE00B83036 /* BaseFrameDemo */,
				BF4849D81FE0CDBE00B83036 /* BaseFrameDemoTests */,
				BF4849E31FE0CDBE00B83036 /* BaseFrameDemoUITests */,
			);
		};
/* End PBXProject section */

/* Begin PBXResourcesBuildPhase section */
		BF4849BC1FE0CDBE00B83036 /* Resources */ = {
			isa = PBXResourcesBuildPhase;
			buildActionMask = 2147483647;
			files = (
				BF4849D11FE0CDBE00B83036 /* LaunchScreen.storyboard in Resources */,
				BF4849CE1FE0CDBE00B83036 /* Assets.xcassets in Resources */,
				BF4849C91FE0CDBE00B83036 /* Main.storyboard in Resources */,
			);
			runOnlyForDeploymentPostprocessing = 0;
		};
		BF4849D71FE0CDBE00B83036 /* Resources */ = {
			isa = PBXResourcesBuildPhase;
			buildActionMask = 2147483647;
			files = (
			);
			runOnlyForDeploymentPostprocessing = 0;
		};
		BF4849E21FE0CDBE00B83036 /* Resources */ = {
			isa = PBXResourcesBuildPhase;
			buildActionMask = 2147483647;
			files = (
			);
			runOnlyForDeploymentPostprocessing = 0;
		};
/* End PBXResourcesBuildPhase section */

/* Begin PBXShellScriptBuildPhase section */
		0CC877DB4D98B8BEB4E5B0D5 /* [CP] Copy Pods Resources */ = {
			isa = PBXShellScriptBuildPhase;
			buildActionMask = 2147483647;
			files = (
			);
			inputPaths = (
			);
			name = "[CP] Copy Pods Resources";
			outputPaths = (
			);
			runOnlyForDeploymentPostprocessing = 0;
			shellPath = /bin/sh;
			shellScript = "\"${SRCROOT}/Pods/Target Support Files/Pods-BaseFrameDemo/Pods-BaseFrameDemo-resources.sh\"\n";
			showEnvVarsInLog = 0;
		};
		1F7F06383E296563A597F209 /* [CP] Embed Pods Frameworks */ = {
			isa = PBXShellScriptBuildPhase;
			buildActionMask = 2147483647;
			files = (
			);
			inputPaths = (
			);
			name = "[CP] Embed Pods Frameworks";
			outputPaths = (
			);
			runOnlyForDeploymentPostprocessing = 0;
			shellPath = /bin/sh;
			shellScript = "\"${SRCROOT}/Pods/Target Support Files/Pods-BaseFrameDemo/Pods-BaseFrameDemo-frameworks.sh\"\n";
			showEnvVarsInLog = 0;
		};
		2DEA853C16088B828B0CA82C /* [CP] Check Pods Manifest.lock */ = {
			isa = PBXShellScriptBuildPhase;
			buildActionMask = 2147483647;
			files = (
			);
			inputPaths = (
			);
			name = "[CP] Check Pods Manifest.lock";
			outputPaths = (
			);
			runOnlyForDeploymentPostprocessing = 0;
			shellPath = /bin/sh;
			shellScript = "diff \"${PODS_ROOT}/../Podfile.lock\" \"${PODS_ROOT}/Manifest.lock\" > /dev/null\nif [ $? != 0 ] ; then\n    # print error to STDERR\n    echo \"error: The sandbox is not in sync with the Podfile.lock. Run 'pod install' or update your CocoaPods installation.\" >&2\n    exit 1\nfi\n";
			showEnvVarsInLog = 0;
		};
/* End PBXShellScriptBuildPhase section */

/* Begin PBXSourcesBuildPhase section */
		BF4849BA1FE0CDBE00B83036 /* Sources */ = {
			isa = PBXSourcesBuildPhase;
			buildActionMask = 2147483647;
			files = (
				BF87BE9A1FE0D49200146486 /* UIImage+ImageEffects.m in Sources */,
				BF62A2251FE270DB0010C046 /* BFLocation.m in Sources */,
				BF62A2281FE270DB0010C046 /* DSAAS.m in Sources */,
				BF87BE971FE0D49200146486 /* UIButton+Badge.m in Sources */,
				BF62A1CC1FE107180010C046 /* BFTableView.m in Sources */,
				BF62A1CD1FE107180010C046 /* BFView.m in Sources */,
				BF87BEA31FE0D49200146486 /* UIView+ConvenienceFrame.m in Sources */,
				BF87BE711FE0D45200146486 /* BFRouteHandler.m in Sources */,
				BF87BE701FE0D45200146486 /* BFRegularExpression.m in Sources */,
				BF62A1F61FE119EC0010C046 /* BFTempletViewController.m in Sources */,
				BF87BE9E1FE0D49200146486 /* UIImage+TintColor.m in Sources */,
				BF87BF071FE0F74C00146486 /* BFRequest.m in Sources */,
				BF62A2241FE270DB0010C046 /* BFLocalSettings.m in Sources */,
				BF62A1F31FE115020010C046 /* BFTableViewDelegate.m in Sources */,
				BF87BF051FE0F74C00146486 /* BFNetworkReachabilityManager.m in Sources */,
				BF87BEA11FE0D49200146486 /* UINavigationItem+iOS7Spacing.m in Sources */,
				BF87BF041FE0F74C00146486 /* BFResponse.m in Sources */,
				BF62A22C1FE270DB0010C046 /* NSDate+Utilties.m in Sources */,
				BF87BEA01FE0D49200146486 /* UINavigationController+CompletionHandler.m in Sources */,
				BF62A1CA1FE107180010C046 /* BFRefreshCollectionView.m in Sources */,
				BF62A22F1FE270DB0010C046 /* TWDeviceUtilities.m in Sources */,
				BF87BE9D1FE0D49200146486 /* UIImage+RoundedCorner.m in Sources */,
				BF62A2301FE270DB0010C046 /* UIFactory.m in Sources */,
				BF87BE9C1FE0D49200146486 /* UIImage+Resize.m in Sources */,
				BF62A1F01FE114150010C046 /* BFTitleTextFieldCell.m in Sources */,
				BF62A1C61FE107180010C046 /* BFCollectionViewCell.m in Sources */,
				BF62A1DC1FE10F510010C046 /* BFTextField.m in Sources */,
				BF87BE9B1FE0D49200146486 /* UIImage+LFGif.m in Sources */,
				BF62A2291FE270DB0010C046 /* GlobalUICommon.m in Sources */,
				BF62A1E71FE1103E0010C046 /* BFImageTextFieldCell.m in Sources */,
				BF62A1C51FE107180010C046 /* BFVersion.m in Sources */,
				BF62A22B1FE270DB0010C046 /* NSData+Utilities.m in Sources */,
				BF62A1ED1FE112030010C046 /* BFTitleValueCell.m in Sources */,
				BF4849C61FE0CDBE00B83036 /* ViewController.m in Sources */,
				BF62A1C41FE107180010C046 /* BFObject.m in Sources */,
				BF62A22D1FE270DB0010C046 /* NSMutableDictionary+Utilities.m in Sources */,
				BF87BF301FE0FF1900146486 /* BFTagView.m in Sources */,
				BF62A1E81FE1103E0010C046 /* BFTitleCell.m in Sources */,
				BF87BF061FE0F74C00146486 /* BFNetworkManager.m in Sources */,
				BF87BE981FE0D49200146486 /* UIImage+Alpha.m in Sources */,
				BF87BE6F1FE0D45200146486 /* BFMatchResult.m in Sources */,
				BF62A22A1FE270DB0010C046 /* NSArray+Utilities.m in Sources */,
				BF62A2261FE270DB0010C046 /* BFLocationManager.m in Sources */,
				BF62A1C71FE107180010C046 /* BFTableViewCell.m in Sources */,
				BF87BED31FE0D8D300146486 /* UIImage+Device.m in Sources */,
				BF62A2011FE23ACF0010C046 /* BFTempletViewController+RunTime.m in Sources */,
				BF62A1A71FE104A60010C046 /* BFTabViewControlle.m in Sources */,
				BF62A22E1FE270DB0010C046 /* NSString+Utilities.m in Sources */,
				BF4849C31FE0CDBE00B83036 /* AppDelegate.m in Sources */,
				BF4849D41FE0CDBE00B83036 /* main.m in Sources */,
				BF62A1C91FE107180010C046 /* BFCollectionView.m in Sources */,
				BF87BF2D1FE0FEED00146486 /* BFSwitchView.m in Sources */,
				BF62A1AA1FE1050E0010C046 /* BFMainViewController.m in Sources */,
				BF87BE9F1FE0D49200146486 /* UILabel+Attributes.m in Sources */,
				BF87BE961FE0D49200146486 /* UIBarButtonItem+Badge.m in Sources */,
				BF87BE731FE0D45200146486 /* BFRouter.m in Sources */,
				BF87BEA21FE0D49200146486 /* UITabBar+Badge.m in Sources */,
				BF87BE721FE0D45200146486 /* BFRouteMatcher.m in Sources */,
				BF62A1C81FE107180010C046 /* BFViewController.m in Sources */,
				BF87BE951FE0D49200146486 /* MKMapView+ZoomLevel.m in Sources */,
				BF62A1A41FE103A30010C046 /* BFStepper.m in Sources */,
				BF4849CC1FE0CDBE00B83036 /* BaseFrameDemo.xcdatamodeld in Sources */,
				BF62A1FB1FE11AAA0010C046 /* BFAppDelegate.m in Sources */,
				BF87BE741FE0D45200146486 /* BFRouteRequest.m in Sources */,
				BF62A1CB1FE107180010C046 /* BFRefreshTableView.m in Sources */,
			);
			runOnlyForDeploymentPostprocessing = 0;
		};
		BF4849D51FE0CDBE00B83036 /* Sources */ = {
			isa = PBXSourcesBuildPhase;
			buildActionMask = 2147483647;
			files = (
				BF4849DE1FE0CDBE00B83036 /* BaseFrameDemoTests.m in Sources */,
			);
			runOnlyForDeploymentPostprocessing = 0;
		};
		BF4849E01FE0CDBE00B83036 /* Sources */ = {
			isa = PBXSourcesBuildPhase;
			buildActionMask = 2147483647;
			files = (
				BF4849E91FE0CDBE00B83036 /* BaseFrameDemoUITests.m in Sources */,
			);
			runOnlyForDeploymentPostprocessing = 0;
		};
/* End PBXSourcesBuildPhase section */

/* Begin PBXTargetDependency section */
		BF4849DB1FE0CDBE00B83036 /* PBXTargetDependency */ = {
			isa = PBXTargetDependency;
			target = BF4849BD1FE0CDBE00B83036 /* BaseFrameDemo */;
			targetProxy = BF4849DA1FE0CDBE00B83036 /* PBXContainerItemProxy */;
		};
		BF4849E61FE0CDBE00B83036 /* PBXTargetDependency */ = {
			isa = PBXTargetDependency;
			target = BF4849BD1FE0CDBE00B83036 /* BaseFrameDemo */;
			targetProxy = BF4849E51FE0CDBE00B83036 /* PBXContainerItemProxy */;
		};
/* End PBXTargetDependency section */

/* Begin PBXVariantGroup section */
		BF4849C71FE0CDBE00B83036 /* Main.storyboard */ = {
			isa = PBXVariantGroup;
			children = (
				BF4849C81FE0CDBE00B83036 /* Base */,
			);
			name = Main.storyboard;
			sourceTree = "<group>";
		};
		BF4849CF1FE0CDBE00B83036 /* LaunchScreen.storyboard */ = {
			isa = PBXVariantGroup;
			children = (
				BF4849D01FE0CDBE00B83036 /* Base */,
			);
			name = LaunchScreen.storyboard;
			sourceTree = "<group>";
		};
/* End PBXVariantGroup section */

/* Begin XCBuildConfiguration section */
		BF4849EB1FE0CDBE00B83036 /* Debug */ = {
			isa = XCBuildConfiguration;
			buildSettings = {
				ALWAYS_SEARCH_USER_PATHS = NO;
				CLANG_ANALYZER_NONNULL = YES;
				CLANG_ANALYZER_NUMBER_OBJECT_CONVERSION = YES_AGGRESSIVE;
				CLANG_CXX_LANGUAGE_STANDARD = "gnu++14";
				CLANG_CXX_LIBRARY = "libc++";
				CLANG_ENABLE_MODULES = YES;
				CLANG_ENABLE_OBJC_ARC = YES;
				CLANG_WARN_BLOCK_CAPTURE_AUTORELEASING = YES;
				CLANG_WARN_BOOL_CONVERSION = YES;
				CLANG_WARN_COMMA = YES;
				CLANG_WARN_CONSTANT_CONVERSION = YES;
				CLANG_WARN_DIRECT_OBJC_ISA_USAGE = YES_ERROR;
				CLANG_WARN_DOCUMENTATION_COMMENTS = YES;
				CLANG_WARN_EMPTY_BODY = YES;
				CLANG_WARN_ENUM_CONVERSION = YES;
				CLANG_WARN_INFINITE_RECURSION = YES;
				CLANG_WARN_INT_CONVERSION = YES;
				CLANG_WARN_NON_LITERAL_NULL_CONVERSION = YES;
				CLANG_WARN_OBJC_LITERAL_CONVERSION = YES;
				CLANG_WARN_OBJC_ROOT_CLASS = YES_ERROR;
				CLANG_WARN_RANGE_LOOP_ANALYSIS = YES;
				CLANG_WARN_STRICT_PROTOTYPES = YES;
				CLANG_WARN_SUSPICIOUS_MOVE = YES;
				CLANG_WARN_UNGUARDED_AVAILABILITY = YES_AGGRESSIVE;
				CLANG_WARN_UNREACHABLE_CODE = YES;
				CLANG_WARN__DUPLICATE_METHOD_MATCH = YES;
				CODE_SIGN_IDENTITY = "iPhone Developer";
				COPY_PHASE_STRIP = NO;
				DEBUG_INFORMATION_FORMAT = dwarf;
				ENABLE_STRICT_OBJC_MSGSEND = YES;
				ENABLE_TESTABILITY = YES;
				GCC_C_LANGUAGE_STANDARD = gnu11;
				GCC_DYNAMIC_NO_PIC = NO;
				GCC_NO_COMMON_BLOCKS = YES;
				GCC_OPTIMIZATION_LEVEL = 0;
				GCC_PREPROCESSOR_DEFINITIONS = (
					"DEBUG=1",
					"$(inherited)",
				);
				GCC_WARN_64_TO_32_BIT_CONVERSION = YES;
				GCC_WARN_ABOUT_RETURN_TYPE = YES_ERROR;
				GCC_WARN_UNDECLARED_SELECTOR = YES;
				GCC_WARN_UNINITIALIZED_AUTOS = YES_AGGRESSIVE;
				GCC_WARN_UNUSED_FUNCTION = YES;
				GCC_WARN_UNUSED_VARIABLE = YES;
				IPHONEOS_DEPLOYMENT_TARGET = 11.1;
				MTL_ENABLE_DEBUG_INFO = YES;
				ONLY_ACTIVE_ARCH = YES;
				SDKROOT = iphoneos;
			};
			name = Debug;
		};
		BF4849EC1FE0CDBE00B83036 /* Release */ = {
			isa = XCBuildConfiguration;
			buildSettings = {
				ALWAYS_SEARCH_USER_PATHS = NO;
				CLANG_ANALYZER_NONNULL = YES;
				CLANG_ANALYZER_NUMBER_OBJECT_CONVERSION = YES_AGGRESSIVE;
				CLANG_CXX_LANGUAGE_STANDARD = "gnu++14";
				CLANG_CXX_LIBRARY = "libc++";
				CLANG_ENABLE_MODULES = YES;
				CLANG_ENABLE_OBJC_ARC = YES;
				CLANG_WARN_BLOCK_CAPTURE_AUTORELEASING = YES;
				CLANG_WARN_BOOL_CONVERSION = YES;
				CLANG_WARN_COMMA = YES;
				CLANG_WARN_CONSTANT_CONVERSION = YES;
				CLANG_WARN_DIRECT_OBJC_ISA_USAGE = YES_ERROR;
				CLANG_WARN_DOCUMENTATION_COMMENTS = YES;
				CLANG_WARN_EMPTY_BODY = YES;
				CLANG_WARN_ENUM_CONVERSION = YES;
				CLANG_WARN_INFINITE_RECURSION = YES;
				CLANG_WARN_INT_CONVERSION = YES;
				CLANG_WARN_NON_LITERAL_NULL_CONVERSION = YES;
				CLANG_WARN_OBJC_LITERAL_CONVERSION = YES;
				CLANG_WARN_OBJC_ROOT_CLASS = YES_ERROR;
				CLANG_WARN_RANGE_LOOP_ANALYSIS = YES;
				CLANG_WARN_STRICT_PROTOTYPES = YES;
				CLANG_WARN_SUSPICIOUS_MOVE = YES;
				CLANG_WARN_UNGUARDED_AVAILABILITY = YES_AGGRESSIVE;
				CLANG_WARN_UNREACHABLE_CODE = YES;
				CLANG_WARN__DUPLICATE_METHOD_MATCH = YES;
				CODE_SIGN_IDENTITY = "iPhone Developer";
				COPY_PHASE_STRIP = NO;
				DEBUG_INFORMATION_FORMAT = "dwarf-with-dsym";
				ENABLE_NS_ASSERTIONS = NO;
				ENABLE_STRICT_OBJC_MSGSEND = YES;
				GCC_C_LANGUAGE_STANDARD = gnu11;
				GCC_NO_COMMON_BLOCKS = YES;
				GCC_WARN_64_TO_32_BIT_CONVERSION = YES;
				GCC_WARN_ABOUT_RETURN_TYPE = YES_ERROR;
				GCC_WARN_UNDECLARED_SELECTOR = YES;
				GCC_WARN_UNINITIALIZED_AUTOS = YES_AGGRESSIVE;
				GCC_WARN_UNUSED_FUNCTION = YES;
				GCC_WARN_UNUSED_VARIABLE = YES;
				IPHONEOS_DEPLOYMENT_TARGET = 11.1;
				MTL_ENABLE_DEBUG_INFO = NO;
				SDKROOT = iphoneos;
				VALIDATE_PRODUCT = YES;
			};
			name = Release;
		};
		BF4849EE1FE0CDBE00B83036 /* Debug */ = {
			isa = XCBuildConfiguration;
			baseConfigurationReference = 91BEB8CA1CF1A6EC50113F05 /* Pods-BaseFrameDemo.debug.xcconfig */;
			buildSettings = {
				ASSETCATALOG_COMPILER_APPICON_NAME = AppIcon;
				"CODE_SIGN_IDENTITY[sdk=iphoneos*]" = "iPhone Developer";
				CODE_SIGN_STYLE = Automatic;
				DEVELOPMENT_TEAM = JQ6468P68F;
				INFOPLIST_FILE = "BaseFrameDemo/Supporting Files/Info.plist";
				IPHONEOS_DEPLOYMENT_TARGET = 8.0;
				LD_RUNPATH_SEARCH_PATHS = "$(inherited) @executable_path/Frameworks";
				PRODUCT_BUNDLE_IDENTIFIER = Jimmy.BaseFrameDemo;
				PRODUCT_NAME = "$(TARGET_NAME)";
				PROVISIONING_PROFILE_SPECIFIER = "";
				TARGETED_DEVICE_FAMILY = 1;
			};
			name = Debug;
		};
		BF4849EF1FE0CDBE00B83036 /* Release */ = {
			isa = XCBuildConfiguration;
			baseConfigurationReference = B5C23857A9D36E9B84B78ECF /* Pods-BaseFrameDemo.release.xcconfig */;
			buildSettings = {
				ASSETCATALOG_COMPILER_APPICON_NAME = AppIcon;
				"CODE_SIGN_IDENTITY[sdk=iphoneos*]" = "iPhone Developer";
				CODE_SIGN_STYLE = Automatic;
				DEVELOPMENT_TEAM = JQ6468P68F;
				INFOPLIST_FILE = "BaseFrameDemo/Supporting Files/Info.plist";
				IPHONEOS_DEPLOYMENT_TARGET = 8.0;
				LD_RUNPATH_SEARCH_PATHS = "$(inherited) @executable_path/Frameworks";
				PRODUCT_BUNDLE_IDENTIFIER = Jimmy.BaseFrameDemo;
				PRODUCT_NAME = "$(TARGET_NAME)";
				PROVISIONING_PROFILE_SPECIFIER = "";
				TARGETED_DEVICE_FAMILY = 1;
			};
			name = Release;
		};
		BF4849F11FE0CDBE00B83036 /* Debug */ = {
			isa = XCBuildConfiguration;
			buildSettings = {
				BUNDLE_LOADER = "$(TEST_HOST)";
				CODE_SIGN_STYLE = Automatic;
				DEVELOPMENT_TEAM = JQ6468P68F;
				INFOPLIST_FILE = BaseFrameDemoTests/Info.plist;
				LD_RUNPATH_SEARCH_PATHS = "$(inherited) @executable_path/Frameworks @loader_path/Frameworks";
				PRODUCT_BUNDLE_IDENTIFIER = Jimmy.BaseFrameDemoTests;
				PRODUCT_NAME = "$(TARGET_NAME)";
				TARGETED_DEVICE_FAMILY = "1,2";
				TEST_HOST = "$(BUILT_PRODUCTS_DIR)/BaseFrameDemo.app/BaseFrameDemo";
			};
			name = Debug;
		};
		BF4849F21FE0CDBE00B83036 /* Release */ = {
			isa = XCBuildConfiguration;
			buildSettings = {
				BUNDLE_LOADER = "$(TEST_HOST)";
				CODE_SIGN_STYLE = Automatic;
				DEVELOPMENT_TEAM = JQ6468P68F;
				INFOPLIST_FILE = BaseFrameDemoTests/Info.plist;
				LD_RUNPATH_SEARCH_PATHS = "$(inherited) @executable_path/Frameworks @loader_path/Frameworks";
				PRODUCT_BUNDLE_IDENTIFIER = Jimmy.BaseFrameDemoTests;
				PRODUCT_NAME = "$(TARGET_NAME)";
				TARGETED_DEVICE_FAMILY = "1,2";
				TEST_HOST = "$(BUILT_PRODUCTS_DIR)/BaseFrameDemo.app/BaseFrameDemo";
			};
			name = Release;
		};
		BF4849F41FE0CDBE00B83036 /* Debug */ = {
			isa = XCBuildConfiguration;
			buildSettings = {
				CODE_SIGN_STYLE = Automatic;
				DEVELOPMENT_TEAM = JQ6468P68F;
				INFOPLIST_FILE = BaseFrameDemoUITests/Info.plist;
				LD_RUNPATH_SEARCH_PATHS = "$(inherited) @executable_path/Frameworks @loader_path/Frameworks";
				PRODUCT_BUNDLE_IDENTIFIER = Jimmy.BaseFrameDemoUITests;
				PRODUCT_NAME = "$(TARGET_NAME)";
				TARGETED_DEVICE_FAMILY = "1,2";
				TEST_TARGET_NAME = BaseFrameDemo;
			};
			name = Debug;
		};
		BF4849F51FE0CDBE00B83036 /* Release */ = {
			isa = XCBuildConfiguration;
			buildSettings = {
				CODE_SIGN_STYLE = Automatic;
				DEVELOPMENT_TEAM = JQ6468P68F;
				INFOPLIST_FILE = BaseFrameDemoUITests/Info.plist;
				LD_RUNPATH_SEARCH_PATHS = "$(inherited) @executable_path/Frameworks @loader_path/Frameworks";
				PRODUCT_BUNDLE_IDENTIFIER = Jimmy.BaseFrameDemoUITests;
				PRODUCT_NAME = "$(TARGET_NAME)";
				TARGETED_DEVICE_FAMILY = "1,2";
				TEST_TARGET_NAME = BaseFrameDemo;
			};
			name = Release;
		};
/* End XCBuildConfiguration section */

/* Begin XCConfigurationList section */
		BF4849B91FE0CDBE00B83036 /* Build configuration list for PBXProject "BaseFrameDemo" */ = {
			isa = XCConfigurationList;
			buildConfigurations = (
				BF4849EB1FE0CDBE00B83036 /* Debug */,
				BF4849EC1FE0CDBE00B83036 /* Release */,
			);
			defaultConfigurationIsVisible = 0;
			defaultConfigurationName = Release;
		};
		BF4849ED1FE0CDBE00B83036 /* Build configuration list for PBXNativeTarget "BaseFrameDemo" */ = {
			isa = XCConfigurationList;
			buildConfigurations = (
				BF4849EE1FE0CDBE00B83036 /* Debug */,
				BF4849EF1FE0CDBE00B83036 /* Release */,
			);
			defaultConfigurationIsVisible = 0;
			defaultConfigurationName = Release;
		};
		BF4849F01FE0CDBE00B83036 /* Build configuration list for PBXNativeTarget "BaseFrameDemoTests" */ = {
			isa = XCConfigurationList;
			buildConfigurations = (
				BF4849F11FE0CDBE00B83036 /* Debug */,
				BF4849F21FE0CDBE00B83036 /* Release */,
			);
			defaultConfigurationIsVisible = 0;
			defaultConfigurationName = Release;
		};
		BF4849F31FE0CDBE00B83036 /* Build configuration list for PBXNativeTarget "BaseFrameDemoUITests" */ = {
			isa = XCConfigurationList;
			buildConfigurations = (
				BF4849F41FE0CDBE00B83036 /* Debug */,
				BF4849F51FE0CDBE00B83036 /* Release */,
			);
			defaultConfigurationIsVisible = 0;
			defaultConfigurationName = Release;
		};
/* End XCConfigurationList section */

/* Begin XCVersionGroup section */
		BF4849CA1FE0CDBE00B83036 /* BaseFrameDemo.xcdatamodeld */ = {
			isa = XCVersionGroup;
			children = (
				BF4849CB1FE0CDBE00B83036 /* BaseFrameDemo.xcdatamodel */,
			);
			currentVersion = BF4849CB1FE0CDBE00B83036 /* BaseFrameDemo.xcdatamodel */;
			path = BaseFrameDemo.xcdatamodeld;
			sourceTree = "<group>";
			versionGroupType = wrapper.xcdatamodel;
		};
/* End XCVersionGroup section */
	};
	rootObject = BF4849B61FE0CDBE00B83036 /* Project object */;
}
